// !$*UTF8*$!
{
	archiveVersion = 1;
	classes = {
	};
	objectVersion = 46;
	objects = {

/* Begin PBXBuildFile section */
		A6FEE6041CD48B0A00B1855B /* BestFit.cpp in Sources */ = {isa = PBXBuildFile; fileRef = A6FEE6001CD48B0A00B1855B /* BestFit.cpp */; };
		A6FEE6051CD48B0A00B1855B /* ShapeFit.cpp in Sources */ = {isa = PBXBuildFile; fileRef = A6FEE6021CD48B0A00B1855B /* ShapeFit.cpp */; };
/* End PBXBuildFile section */

/* Begin PBXCopyFilesBuildPhase section */
		A6FEE48A1CD48AC700B1855B /* CopyFiles */ = {
			isa = PBXCopyFilesBuildPhase;
			buildActionMask = 2147483647;
			dstPath = /usr/share/man/man1/;
			dstSubfolderSpec = 0;
			files = (
			);
			runOnlyForDeploymentPostprocessing = 1;
		};
/* End PBXCopyFilesBuildPhase section */

/* Begin PBXFileReference section */
		A6FEE48C1CD48AC700B1855B /* BestFit */ = {isa = PBXFileReference; explicitFileType = "compiled.mach-o.executable"; includeInIndex = 0; path = BestFit; sourceTree = BUILT_PRODUCTS_DIR; };
		A6FEE4971CD48B0A00B1855B /* Array */ = {isa = PBXFileReference; fileEncoding = 4; lastKnownFileType = text; path = Array; sourceTree = "<group>"; };
		A6FEE4981CD48B0A00B1855B /* Cholesky */ = {isa = PBXFileReference; fileEncoding = 4; lastKnownFileType = text; path = Cholesky; sourceTree = "<group>"; };
		A6FEE4991CD48B0A00B1855B /* CholmodSupport */ = {isa = PBXFileReference; fileEncoding = 4; lastKnownFileType = text; path = CholmodSupport; sourceTree = "<group>"; };
		A6FEE49A1CD48B0A00B1855B /* CMakeLists.txt */ = {isa = PBXFileReference; fileEncoding = 4; lastKnownFileType = text; path = CMakeLists.txt; sourceTree = "<group>"; };
		A6FEE49B1CD48B0A00B1855B /* Core */ = {isa = PBXFileReference; fileEncoding = 4; lastKnownFileType = text; path = Core; sourceTree = "<group>"; };
		A6FEE49C1CD48B0A00B1855B /* Dense */ = {isa = PBXFileReference; fileEncoding = 4; lastKnownFileType = text; path = Dense; sourceTree = "<group>"; };
		A6FEE49D1CD48B0A00B1855B /* Eigen */ = {isa = PBXFileReference; fileEncoding = 4; lastKnownFileType = text; path = Eigen; sourceTree = "<group>"; };
		A6FEE49E1CD48B0A00B1855B /* Eigen2Support */ = {isa = PBXFileReference; fileEncoding = 4; lastKnownFileType = text; path = Eigen2Support; sourceTree = "<group>"; };
		A6FEE49F1CD48B0A00B1855B /* Eigenvalues */ = {isa = PBXFileReference; fileEncoding = 4; lastKnownFileType = text; path = Eigenvalues; sourceTree = "<group>"; };
		A6FEE4A01CD48B0A00B1855B /* Geometry */ = {isa = PBXFileReference; fileEncoding = 4; lastKnownFileType = text; path = Geometry; sourceTree = "<group>"; };
		A6FEE4A11CD48B0A00B1855B /* Householder */ = {isa = PBXFileReference; fileEncoding = 4; lastKnownFileType = text; path = Householder; sourceTree = "<group>"; };
		A6FEE4A21CD48B0A00B1855B /* IterativeLinearSolvers */ = {isa = PBXFileReference; fileEncoding = 4; lastKnownFileType = text; path = IterativeLinearSolvers; sourceTree = "<group>"; };
		A6FEE4A31CD48B0A00B1855B /* Jacobi */ = {isa = PBXFileReference; fileEncoding = 4; lastKnownFileType = text; path = Jacobi; sourceTree = "<group>"; };
		A6FEE4A41CD48B0A00B1855B /* LeastSquares */ = {isa = PBXFileReference; fileEncoding = 4; lastKnownFileType = text; path = LeastSquares; sourceTree = "<group>"; };
		A6FEE4A51CD48B0A00B1855B /* LU */ = {isa = PBXFileReference; fileEncoding = 4; lastKnownFileType = text; path = LU; sourceTree = "<group>"; };
		A6FEE4A61CD48B0A00B1855B /* MetisSupport */ = {isa = PBXFileReference; fileEncoding = 4; lastKnownFileType = text; path = MetisSupport; sourceTree = "<group>"; };
		A6FEE4A71CD48B0A00B1855B /* OrderingMethods */ = {isa = PBXFileReference; fileEncoding = 4; lastKnownFileType = text; path = OrderingMethods; sourceTree = "<group>"; };
		A6FEE4A81CD48B0A00B1855B /* PardisoSupport */ = {isa = PBXFileReference; fileEncoding = 4; lastKnownFileType = text; path = PardisoSupport; sourceTree = "<group>"; };
		A6FEE4A91CD48B0A00B1855B /* PaStiXSupport */ = {isa = PBXFileReference; fileEncoding = 4; lastKnownFileType = text; path = PaStiXSupport; sourceTree = "<group>"; };
		A6FEE4AA1CD48B0A00B1855B /* QR */ = {isa = PBXFileReference; fileEncoding = 4; lastKnownFileType = text; path = QR; sourceTree = "<group>"; };
		A6FEE4AB1CD48B0A00B1855B /* QtAlignedMalloc */ = {isa = PBXFileReference; fileEncoding = 4; lastKnownFileType = text; path = QtAlignedMalloc; sourceTree = "<group>"; };
		A6FEE4AC1CD48B0A00B1855B /* Sparse */ = {isa = PBXFileReference; fileEncoding = 4; lastKnownFileType = text; path = Sparse; sourceTree = "<group>"; };
		A6FEE4AD1CD48B0A00B1855B /* SparseCholesky */ = {isa = PBXFileReference; fileEncoding = 4; lastKnownFileType = text; path = SparseCholesky; sourceTree = "<group>"; };
		A6FEE4AE1CD48B0A00B1855B /* SparseCore */ = {isa = PBXFileReference; fileEncoding = 4; lastKnownFileType = text; path = SparseCore; sourceTree = "<group>"; };
		A6FEE4AF1CD48B0A00B1855B /* SparseLU */ = {isa = PBXFileReference; fileEncoding = 4; lastKnownFileType = text; path = SparseLU; sourceTree = "<group>"; };
		A6FEE4B01CD48B0A00B1855B /* SparseQR */ = {isa = PBXFileReference; fileEncoding = 4; lastKnownFileType = text; path = SparseQR; sourceTree = "<group>"; };
		A6FEE4B11CD48B0A00B1855B /* SPQRSupport */ = {isa = PBXFileReference; fileEncoding = 4; lastKnownFileType = text; path = SPQRSupport; sourceTree = "<group>"; };
		A6FEE4B41CD48B0A00B1855B /* CMakeLists.txt */ = {isa = PBXFileReference; fileEncoding = 4; lastKnownFileType = text; path = CMakeLists.txt; sourceTree = "<group>"; };
		A6FEE4B51CD48B0A00B1855B /* LDLT.h */ = {isa = PBXFileReference; fileEncoding = 4; lastKnownFileType = sourcecode.c.h; path = LDLT.h; sourceTree = "<group>"; };
		A6FEE4B61CD48B0A00B1855B /* LLT.h */ = {isa = PBXFileReference; fileEncoding = 4; lastKnownFileType = sourcecode.c.h; path = LLT.h; sourceTree = "<group>"; };
		A6FEE4B71CD48B0A00B1855B /* LLT_MKL.h */ = {isa = PBXFileReference; fileEncoding = 4; lastKnownFileType = sourcecode.c.h; path = LLT_MKL.h; sourceTree = "<group>"; };
		A6FEE4B91CD48B0A00B1855B /* CholmodSupport.h */ = {isa = PBXFileReference; fileEncoding = 4; lastKnownFileType = sourcecode.c.h; path = CholmodSupport.h; sourceTree = "<group>"; };
		A6FEE4BA1CD48B0A00B1855B /* CMakeLists.txt */ = {isa = PBXFileReference; fileEncoding = 4; lastKnownFileType = text; path = CMakeLists.txt; sourceTree = "<group>"; };
		A6FEE4BB1CD48B0A00B1855B /* CMakeLists.txt */ = {isa = PBXFileReference; fileEncoding = 4; lastKnownFileType = text; path = CMakeLists.txt; sourceTree = "<group>"; };
		A6FEE4BF1CD48B0A00B1855B /* CMakeLists.txt */ = {isa = PBXFileReference; fileEncoding = 4; lastKnownFileType = text; path = CMakeLists.txt; sourceTree = "<group>"; };
		A6FEE4C01CD48B0A00B1855B /* Complex.h */ = {isa = PBXFileReference; fileEncoding = 4; lastKnownFileType = sourcecode.c.h; path = Complex.h; sourceTree = "<group>"; };
		A6FEE4C11CD48B0A00B1855B /* PacketMath.h */ = {isa = PBXFileReference; fileEncoding = 4; lastKnownFileType = sourcecode.c.h; path = PacketMath.h; sourceTree = "<group>"; };
		A6FEE4C21CD48B0A00B1855B /* CMakeLists.txt */ = {isa = PBXFileReference; fileEncoding = 4; lastKnownFileType = text; path = CMakeLists.txt; sourceTree = "<group>"; };
		A6FEE4C41CD48B0A00B1855B /* CMakeLists.txt */ = {isa = PBXFileReference; fileEncoding = 4; lastKnownFileType = text; path = CMakeLists.txt; sourceTree = "<group>"; };
		A6FEE4C51CD48B0A00B1855B /* Settings.h */ = {isa = PBXFileReference; fileEncoding = 4; lastKnownFileType = sourcecode.c.h; path = Settings.h; sourceTree = "<group>"; };
		A6FEE4C71CD48B0A00B1855B /* CMakeLists.txt */ = {isa = PBXFileReference; fileEncoding = 4; lastKnownFileType = text; path = CMakeLists.txt; sourceTree = "<group>"; };
		A6FEE4C81CD48B0A00B1855B /* Complex.h */ = {isa = PBXFileReference; fileEncoding = 4; lastKnownFileType = sourcecode.c.h; path = Complex.h; sourceTree = "<group>"; };
		A6FEE4C91CD48B0A00B1855B /* PacketMath.h */ = {isa = PBXFileReference; fileEncoding = 4; lastKnownFileType = sourcecode.c.h; path = PacketMath.h; sourceTree = "<group>"; };
		A6FEE4CB1CD48B0A00B1855B /* CMakeLists.txt */ = {isa = PBXFileReference; fileEncoding = 4; lastKnownFileType = text; path = CMakeLists.txt; sourceTree = "<group>"; };
		A6FEE4CC1CD48B0A00B1855B /* Complex.h */ = {isa = PBXFileReference; fileEncoding = 4; lastKnownFileType = sourcecode.c.h; path = Complex.h; sourceTree = "<group>"; };
		A6FEE4CD1CD48B0A00B1855B /* MathFunctions.h */ = {isa = PBXFileReference; fileEncoding = 4; lastKnownFileType = sourcecode.c.h; path = MathFunctions.h; sourceTree = "<group>"; };
		A6FEE4CE1CD48B0A00B1855B /* PacketMath.h */ = {isa = PBXFileReference; fileEncoding = 4; lastKnownFileType = sourcecode.c.h; path = PacketMath.h; sourceTree = "<group>"; };
		A6FEE4CF1CD48B0A00B1855B /* Array.h */ = {isa = PBXFileReference; fileEncoding = 4; lastKnownFileType = sourcecode.c.h; path = Array.h; sourceTree = "<group>"; };
		A6FEE4D01CD48B0A00B1855B /* ArrayBase.h */ = {isa = PBXFileReference; fileEncoding = 4; lastKnownFileType = sourcecode.c.h; path = ArrayBase.h; sourceTree = "<group>"; };
		A6FEE4D11CD48B0A00B1855B /* ArrayWrapper.h */ = {isa = PBXFileReference; fileEncoding = 4; lastKnownFileType = sourcecode.c.h; path = ArrayWrapper.h; sourceTree = "<group>"; };
		A6FEE4D21CD48B0A00B1855B /* Assign.h */ = {isa = PBXFileReference; fileEncoding = 4; lastKnownFileType = sourcecode.c.h; path = Assign.h; sourceTree = "<group>"; };
		A6FEE4D31CD48B0A00B1855B /* Assign_MKL.h */ = {isa = PBXFileReference; fileEncoding = 4; lastKnownFileType = sourcecode.c.h; path = Assign_MKL.h; sourceTree = "<group>"; };
		A6FEE4D41CD48B0A00B1855B /* BandMatrix.h */ = {isa = PBXFileReference; fileEncoding = 4; lastKnownFileType = sourcecode.c.h; path = BandMatrix.h; sourceTree = "<group>"; };
		A6FEE4D51CD48B0A00B1855B /* Block.h */ = {isa = PBXFileReference; fileEncoding = 4; lastKnownFileType = sourcecode.c.h; path = Block.h; sourceTree = "<group>"; };
		A6FEE4D61CD48B0A00B1855B /* BooleanRedux.h */ = {isa = PBXFileReference; fileEncoding = 4; lastKnownFileType = sourcecode.c.h; path = BooleanRedux.h; sourceTree = "<group>"; };
		A6FEE4D71CD48B0A00B1855B /* CMakeLists.txt */ = {isa = PBXFileReference; fileEncoding = 4; lastKnownFileType = text; path = CMakeLists.txt; sourceTree = "<group>"; };
		A6FEE4D81CD48B0A00B1855B /* CommaInitializer.h */ = {isa = PBXFileReference; fileEncoding = 4; lastKnownFileType = sourcecode.c.h; path = CommaInitializer.h; sourceTree = "<group>"; };
		A6FEE4D91CD48B0A00B1855B /* CoreIterators.h */ = {isa = PBXFileReference; fileEncoding = 4; lastKnownFileType = sourcecode.c.h; path = CoreIterators.h; sourceTree = "<group>"; };
		A6FEE4DA1CD48B0A00B1855B /* CwiseBinaryOp.h */ = {isa = PBXFileReference; fileEncoding = 4; lastKnownFileType = sourcecode.c.h; path = CwiseBinaryOp.h; sourceTree = "<group>"; };
		A6FEE4DB1CD48B0A00B1855B /* CwiseNullaryOp.h */ = {isa = PBXFileReference; fileEncoding = 4; lastKnownFileType = sourcecode.c.h; path = CwiseNullaryOp.h; sourceTree = "<group>"; };
		A6FEE4DC1CD48B0A00B1855B /* CwiseUnaryOp.h */ = {isa = PBXFileReference; fileEncoding = 4; lastKnownFileType = sourcecode.c.h; path = CwiseUnaryOp.h; sourceTree = "<group>"; };
		A6FEE4DD1CD48B0A00B1855B /* CwiseUnaryView.h */ = {isa = PBXFileReference; fileEncoding = 4; lastKnownFileType = sourcecode.c.h; path = CwiseUnaryView.h; sourceTree = "<group>"; };
		A6FEE4DE1CD48B0A00B1855B /* DenseBase.h */ = {isa = PBXFileReference; fileEncoding = 4; lastKnownFileType = sourcecode.c.h; path = DenseBase.h; sourceTree = "<group>"; };
		A6FEE4DF1CD48B0A00B1855B /* DenseCoeffsBase.h */ = {isa = PBXFileReference; fileEncoding = 4; lastKnownFileType = sourcecode.c.h; path = DenseCoeffsBase.h; sourceTree = "<group>"; };
		A6FEE4E01CD48B0A00B1855B /* DenseStorage.h */ = {isa = PBXFileReference; fileEncoding = 4; lastKnownFileType = sourcecode.c.h; path = DenseStorage.h; sourceTree = "<group>"; };
		A6FEE4E11CD48B0A00B1855B /* Diagonal.h */ = {isa = PBXFileReference; fileEncoding = 4; lastKnownFileType = sourcecode.c.h; path = Diagonal.h; sourceTree = "<group>"; };
		A6FEE4E21CD48B0A00B1855B /* DiagonalMatrix.h */ = {isa = PBXFileReference; fileEncoding = 4; lastKnownFileType = sourcecode.c.h; path = DiagonalMatrix.h; sourceTree = "<group>"; };
		A6FEE4E31CD48B0A00B1855B /* DiagonalProduct.h */ = {isa = PBXFileReference; fileEncoding = 4; lastKnownFileType = sourcecode.c.h; path = DiagonalProduct.h; sourceTree = "<group>"; };
		A6FEE4E41CD48B0A00B1855B /* Dot.h */ = {isa = PBXFileReference; fileEncoding = 4; lastKnownFileType = sourcecode.c.h; path = Dot.h; sourceTree = "<group>"; };
		A6FEE4E51CD48B0A00B1855B /* EigenBase.h */ = {isa = PBXFileReference; fileEncoding = 4; lastKnownFileType = sourcecode.c.h; path = EigenBase.h; sourceTree = "<group>"; };
		A6FEE4E61CD48B0A00B1855B /* Flagged.h */ = {isa = PBXFileReference; fileEncoding = 4; lastKnownFileType = sourcecode.c.h; path = Flagged.h; sourceTree = "<group>"; };
		A6FEE4E71CD48B0A00B1855B /* ForceAlignedAccess.h */ = {isa = PBXFileReference; fileEncoding = 4; lastKnownFileType = sourcecode.c.h; path = ForceAlignedAccess.h; sourceTree = "<group>"; };
		A6FEE4E81CD48B0A00B1855B /* Functors.h */ = {isa = PBXFileReference; fileEncoding = 4; lastKnownFileType = sourcecode.c.h; path = Functors.h; sourceTree = "<group>"; };
		A6FEE4E91CD48B0A00B1855B /* Fuzzy.h */ = {isa = PBXFileReference; fileEncoding = 4; lastKnownFileType = sourcecode.c.h; path = Fuzzy.h; sourceTree = "<group>"; };
		A6FEE4EA1CD48B0A00B1855B /* GeneralProduct.h */ = {isa = PBXFileReference; fileEncoding = 4; lastKnownFileType = sourcecode.c.h; path = GeneralProduct.h; sourceTree = "<group>"; };
		A6FEE4EB1CD48B0A00B1855B /* GenericPacketMath.h */ = {isa = PBXFileReference; fileEncoding = 4; lastKnownFileType = sourcecode.c.h; path = GenericPacketMath.h; sourceTree = "<group>"; };
		A6FEE4EC1CD48B0A00B1855B /* GlobalFunctions.h */ = {isa = PBXFileReference; fileEncoding = 4; lastKnownFileType = sourcecode.c.h; path = GlobalFunctions.h; sourceTree = "<group>"; };
		A6FEE4ED1CD48B0A00B1855B /* IO.h */ = {isa = PBXFileReference; fileEncoding = 4; lastKnownFileType = sourcecode.c.h; path = IO.h; sourceTree = "<group>"; };
		A6FEE4EE1CD48B0A00B1855B /* Map.h */ = {isa = PBXFileReference; fileEncoding = 4; lastKnownFileType = sourcecode.c.h; path = Map.h; sourceTree = "<group>"; };
		A6FEE4EF1CD48B0A00B1855B /* MapBase.h */ = {isa = PBXFileReference; fileEncoding = 4; lastKnownFileType = sourcecode.c.h; path = MapBase.h; sourceTree = "<group>"; };
		A6FEE4F01CD48B0A00B1855B /* MathFunctions.h */ = {isa = PBXFileReference; fileEncoding = 4; lastKnownFileType = sourcecode.c.h; path = MathFunctions.h; sourceTree = "<group>"; };
		A6FEE4F11CD48B0A00B1855B /* Matrix.h */ = {isa = PBXFileReference; fileEncoding = 4; lastKnownFileType = sourcecode.c.h; path = Matrix.h; sourceTree = "<group>"; };
		A6FEE4F21CD48B0A00B1855B /* MatrixBase.h */ = {isa = PBXFileReference; fileEncoding = 4; lastKnownFileType = sourcecode.c.h; path = MatrixBase.h; sourceTree = "<group>"; };
		A6FEE4F31CD48B0A00B1855B /* NestByValue.h */ = {isa = PBXFileReference; fileEncoding = 4; lastKnownFileType = sourcecode.c.h; path = NestByValue.h; sourceTree = "<group>"; };
		A6FEE4F41CD48B0A00B1855B /* NoAlias.h */ = {isa = PBXFileReference; fileEncoding = 4; lastKnownFileType = sourcecode.c.h; path = NoAlias.h; sourceTree = "<group>"; };
		A6FEE4F51CD48B0A00B1855B /* NumTraits.h */ = {isa = PBXFileReference; fileEncoding = 4; lastKnownFileType = sourcecode.c.h; path = NumTraits.h; sourceTree = "<group>"; };
		A6FEE4F61CD48B0A00B1855B /* PermutationMatrix.h */ = {isa = PBXFileReference; fileEncoding = 4; lastKnownFileType = sourcecode.c.h; path = PermutationMatrix.h; sourceTree = "<group>"; };
		A6FEE4F71CD48B0A00B1855B /* PlainObjectBase.h */ = {isa = PBXFileReference; fileEncoding = 4; lastKnownFileType = sourcecode.c.h; path = PlainObjectBase.h; sourceTree = "<group>"; };
		A6FEE4F81CD48B0A00B1855B /* ProductBase.h */ = {isa = PBXFileReference; fileEncoding = 4; lastKnownFileType = sourcecode.c.h; path = ProductBase.h; sourceTree = "<group>"; };
		A6FEE4FA1CD48B0A00B1855B /* CMakeLists.txt */ = {isa = PBXFileReference; fileEncoding = 4; lastKnownFileType = text; path = CMakeLists.txt; sourceTree = "<group>"; };
		A6FEE4FB1CD48B0A00B1855B /* CoeffBasedProduct.h */ = {isa = PBXFileReference; fileEncoding = 4; lastKnownFileType = sourcecode.c.h; path = CoeffBasedProduct.h; sourceTree = "<group>"; };
		A6FEE4FC1CD48B0A00B1855B /* GeneralBlockPanelKernel.h */ = {isa = PBXFileReference; fileEncoding = 4; lastKnownFileType = sourcecode.c.h; path = GeneralBlockPanelKernel.h; sourceTree = "<group>"; };
		A6FEE4FD1CD48B0A00B1855B /* GeneralMatrixMatrix.h */ = {isa = PBXFileReference; fileEncoding = 4; lastKnownFileType = sourcecode.c.h; path = GeneralMatrixMatrix.h; sourceTree = "<group>"; };
		A6FEE4FE1CD48B0A00B1855B /* GeneralMatrixMatrix_MKL.h */ = {isa = PBXFileReference; fileEncoding = 4; lastKnownFileType = sourcecode.c.h; path = GeneralMatrixMatrix_MKL.h; sourceTree = "<group>"; };
		A6FEE4FF1CD48B0A00B1855B /* GeneralMatrixMatrixTriangular.h */ = {isa = PBXFileReference; fileEncoding = 4; lastKnownFileType = sourcecode.c.h; path = GeneralMatrixMatrixTriangular.h; sourceTree = "<group>"; };
		A6FEE5001CD48B0A00B1855B /* GeneralMatrixMatrixTriangular_MKL.h */ = {isa = PBXFileReference; fileEncoding = 4; lastKnownFileType = sourcecode.c.h; path = GeneralMatrixMatrixTriangular_MKL.h; sourceTree = "<group>"; };
		A6FEE5011CD48B0A00B1855B /* GeneralMatrixVector.h */ = {isa = PBXFileReference; fileEncoding = 4; lastKnownFileType = sourcecode.c.h; path = GeneralMatrixVector.h; sourceTree = "<group>"; };
		A6FEE5021CD48B0A00B1855B /* GeneralMatrixVector_MKL.h */ = {isa = PBXFileReference; fileEncoding = 4; lastKnownFileType = sourcecode.c.h; path = GeneralMatrixVector_MKL.h; sourceTree = "<group>"; };
		A6FEE5031CD48B0A00B1855B /* Parallelizer.h */ = {isa = PBXFileReference; fileEncoding = 4; lastKnownFileType = sourcecode.c.h; path = Parallelizer.h; sourceTree = "<group>"; };
		A6FEE5041CD48B0A00B1855B /* SelfadjointMatrixMatrix.h */ = {isa = PBXFileReference; fileEncoding = 4; lastKnownFileType = sourcecode.c.h; path = SelfadjointMatrixMatrix.h; sourceTree = "<group>"; };
		A6FEE5051CD48B0A00B1855B /* SelfadjointMatrixMatrix_MKL.h */ = {isa = PBXFileReference; fileEncoding = 4; lastKnownFileType = sourcecode.c.h; path = SelfadjointMatrixMatrix_MKL.h; sourceTree = "<group>"; };
		A6FEE5061CD48B0A00B1855B /* SelfadjointMatrixVector.h */ = {isa = PBXFileReference; fileEncoding = 4; lastKnownFileType = sourcecode.c.h; path = SelfadjointMatrixVector.h; sourceTree = "<group>"; };
		A6FEE5071CD48B0A00B1855B /* SelfadjointMatrixVector_MKL.h */ = {isa = PBXFileReference; fileEncoding = 4; lastKnownFileType = sourcecode.c.h; path = SelfadjointMatrixVector_MKL.h; sourceTree = "<group>"; };
		A6FEE5081CD48B0A00B1855B /* SelfadjointProduct.h */ = {isa = PBXFileReference; fileEncoding = 4; lastKnownFileType = sourcecode.c.h; path = SelfadjointProduct.h; sourceTree = "<group>"; };
		A6FEE5091CD48B0A00B1855B /* SelfadjointRank2Update.h */ = {isa = PBXFileReference; fileEncoding = 4; lastKnownFileType = sourcecode.c.h; path = SelfadjointRank2Update.h; sourceTree = "<group>"; };
		A6FEE50A1CD48B0A00B1855B /* TriangularMatrixMatrix.h */ = {isa = PBXFileReference; fileEncoding = 4; lastKnownFileType = sourcecode.c.h; path = TriangularMatrixMatrix.h; sourceTree = "<group>"; };
		A6FEE50B1CD48B0A00B1855B /* TriangularMatrixMatrix_MKL.h */ = {isa = PBXFileReference; fileEncoding = 4; lastKnownFileType = sourcecode.c.h; path = TriangularMatrixMatrix_MKL.h; sourceTree = "<group>"; };
		A6FEE50C1CD48B0A00B1855B /* TriangularMatrixVector.h */ = {isa = PBXFileReference; fileEncoding = 4; lastKnownFileType = sourcecode.c.h; path = TriangularMatrixVector.h; sourceTree = "<group>"; };
		A6FEE50D1CD48B0A00B1855B /* TriangularMatrixVector_MKL.h */ = {isa = PBXFileReference; fileEncoding = 4; lastKnownFileType = sourcecode.c.h; path = TriangularMatrixVector_MKL.h; sourceTree = "<group>"; };
		A6FEE50E1CD48B0A00B1855B /* TriangularSolverMatrix.h */ = {isa = PBXFileReference; fileEncoding = 4; lastKnownFileType = sourcecode.c.h; path = TriangularSolverMatrix.h; sourceTree = "<group>"; };
		A6FEE50F1CD48B0A00B1855B /* TriangularSolverMatrix_MKL.h */ = {isa = PBXFileReference; fileEncoding = 4; lastKnownFileType = sourcecode.c.h; path = TriangularSolverMatrix_MKL.h; sourceTree = "<group>"; };
		A6FEE5101CD48B0A00B1855B /* TriangularSolverVector.h */ = {isa = PBXFileReference; fileEncoding = 4; lastKnownFileType = sourcecode.c.h; path = TriangularSolverVector.h; sourceTree = "<group>"; };
		A6FEE5111CD48B0A00B1855B /* Random.h */ = {isa = PBXFileReference; fileEncoding = 4; lastKnownFileType = sourcecode.c.h; path = Random.h; sourceTree = "<group>"; };
		A6FEE5121CD48B0A00B1855B /* Redux.h */ = {isa = PBXFileReference; fileEncoding = 4; lastKnownFileType = sourcecode.c.h; path = Redux.h; sourceTree = "<group>"; };
		A6FEE5131CD48B0A00B1855B /* Ref.h */ = {isa = PBXFileReference; fileEncoding = 4; lastKnownFileType = sourcecode.c.h; path = Ref.h; sourceTree = "<group>"; };
		A6FEE5141CD48B0A00B1855B /* Replicate.h */ = {isa = PBXFileReference; fileEncoding = 4; lastKnownFileType = sourcecode.c.h; path = Replicate.h; sourceTree = "<group>"; };
		A6FEE5151CD48B0A00B1855B /* ReturnByValue.h */ = {isa = PBXFileReference; fileEncoding = 4; lastKnownFileType = sourcecode.c.h; path = ReturnByValue.h; sourceTree = "<group>"; };
		A6FEE5161CD48B0A00B1855B /* Reverse.h */ = {isa = PBXFileReference; fileEncoding = 4; lastKnownFileType = sourcecode.c.h; path = Reverse.h; sourceTree = "<group>"; };
		A6FEE5171CD48B0A00B1855B /* Select.h */ = {isa = PBXFileReference; fileEncoding = 4; lastKnownFileType = sourcecode.c.h; path = Select.h; sourceTree = "<group>"; };
		A6FEE5181CD48B0A00B1855B /* SelfAdjointView.h */ = {isa = PBXFileReference; fileEncoding = 4; lastKnownFileType = sourcecode.c.h; path = SelfAdjointView.h; sourceTree = "<group>"; };
		A6FEE5191CD48B0A00B1855B /* SelfCwiseBinaryOp.h */ = {isa = PBXFileReference; fileEncoding = 4; lastKnownFileType = sourcecode.c.h; path = SelfCwiseBinaryOp.h; sourceTree = "<group>"; };
		A6FEE51A1CD48B0A00B1855B /* SolveTriangular.h */ = {isa = PBXFileReference; fileEncoding = 4; lastKnownFileType = sourcecode.c.h; path = SolveTriangular.h; sourceTree = "<group>"; };
		A6FEE51B1CD48B0A00B1855B /* StableNorm.h */ = {isa = PBXFileReference; fileEncoding = 4; lastKnownFileType = sourcecode.c.h; path = StableNorm.h; sourceTree = "<group>"; };
		A6FEE51C1CD48B0A00B1855B /* Stride.h */ = {isa = PBXFileReference; fileEncoding = 4; lastKnownFileType = sourcecode.c.h; path = Stride.h; sourceTree = "<group>"; };
		A6FEE51D1CD48B0A00B1855B /* Swap.h */ = {isa = PBXFileReference; fileEncoding = 4; lastKnownFileType = sourcecode.c.h; path = Swap.h; sourceTree = "<group>"; };
		A6FEE51E1CD48B0A00B1855B /* Transpose.h */ = {isa = PBXFileReference; fileEncoding = 4; lastKnownFileType = sourcecode.c.h; path = Transpose.h; sourceTree = "<group>"; };
		A6FEE51F1CD48B0A00B1855B /* Transpositions.h */ = {isa = PBXFileReference; fileEncoding = 4; lastKnownFileType = sourcecode.c.h; path = Transpositions.h; sourceTree = "<group>"; };
		A6FEE5201CD48B0A00B1855B /* TriangularMatrix.h */ = {isa = PBXFileReference; fileEncoding = 4; lastKnownFileType = sourcecode.c.h; path = TriangularMatrix.h; sourceTree = "<group>"; };
		A6FEE5221CD48B0A00B1855B /* BlasUtil.h */ = {isa = PBXFileReference; fileEncoding = 4; lastKnownFileType = sourcecode.c.h; path = BlasUtil.h; sourceTree = "<group>"; };
		A6FEE5231CD48B0A00B1855B /* CMakeLists.txt */ = {isa = PBXFileReference; fileEncoding = 4; lastKnownFileType = text; path = CMakeLists.txt; sourceTree = "<group>"; };
		A6FEE5241CD48B0A00B1855B /* Constants.h */ = {isa = PBXFileReference; fileEncoding = 4; lastKnownFileType = sourcecode.c.h; path = Constants.h; sourceTree = "<group>"; };
		A6FEE5251CD48B0A00B1855B /* DisableStupidWarnings.h */ = {isa = PBXFileReference; fileEncoding = 4; lastKnownFileType = sourcecode.c.h; path = DisableStupidWarnings.h; sourceTree = "<group>"; };
		A6FEE5261CD48B0A00B1855B /* ForwardDeclarations.h */ = {isa = PBXFileReference; fileEncoding = 4; lastKnownFileType = sourcecode.c.h; path = ForwardDeclarations.h; sourceTree = "<group>"; };
		A6FEE5271CD48B0A00B1855B /* Macros.h */ = {isa = PBXFileReference; fileEncoding = 4; lastKnownFileType = sourcecode.c.h; path = Macros.h; sourceTree = "<group>"; };
		A6FEE5281CD48B0A00B1855B /* Memory.h */ = {isa = PBXFileReference; fileEncoding = 4; lastKnownFileType = sourcecode.c.h; path = Memory.h; sourceTree = "<group>"; };
		A6FEE5291CD48B0A00B1855B /* Meta.h */ = {isa = PBXFileReference; fileEncoding = 4; lastKnownFileType = sourcecode.c.h; path = Meta.h; sourceTree = "<group>"; };
		A6FEE52A1CD48B0A00B1855B /* MKL_support.h */ = {isa = PBXFileReference; fileEncoding = 4; lastKnownFileType = sourcecode.c.h; path = MKL_support.h; sourceTree = "<group>"; };
		A6FEE52B1CD48B0A00B1855B /* NonMPL2.h */ = {isa = PBXFileReference; fileEncoding = 4; lastKnownFileType = sourcecode.c.h; path = NonMPL2.h; sourceTree = "<group>"; };
		A6FEE52C1CD48B0A00B1855B /* ReenableStupidWarnings.h */ = {isa = PBXFileReference; fileEncoding = 4; lastKnownFileType = sourcecode.c.h; path = ReenableStupidWarnings.h; sourceTree = "<group>"; };
		A6FEE52D1CD48B0A00B1855B /* StaticAssert.h */ = {isa = PBXFileReference; fileEncoding = 4; lastKnownFileType = sourcecode.c.h; path = StaticAssert.h; sourceTree = "<group>"; };
		A6FEE52E1CD48B0A00B1855B /* XprHelper.h */ = {isa = PBXFileReference; fileEncoding = 4; lastKnownFileType = sourcecode.c.h; path = XprHelper.h; sourceTree = "<group>"; };
		A6FEE52F1CD48B0A00B1855B /* VectorBlock.h */ = {isa = PBXFileReference; fileEncoding = 4; lastKnownFileType = sourcecode.c.h; path = VectorBlock.h; sourceTree = "<group>"; };
		A6FEE5301CD48B0A00B1855B /* VectorwiseOp.h */ = {isa = PBXFileReference; fileEncoding = 4; lastKnownFileType = sourcecode.c.h; path = VectorwiseOp.h; sourceTree = "<group>"; };
		A6FEE5311CD48B0A00B1855B /* Visitor.h */ = {isa = PBXFileReference; fileEncoding = 4; lastKnownFileType = sourcecode.c.h; path = Visitor.h; sourceTree = "<group>"; };
		A6FEE5331CD48B0A00B1855B /* Block.h */ = {isa = PBXFileReference; fileEncoding = 4; lastKnownFileType = sourcecode.c.h; path = Block.h; sourceTree = "<group>"; };
		A6FEE5341CD48B0A00B1855B /* CMakeLists.txt */ = {isa = PBXFileReference; fileEncoding = 4; lastKnownFileType = text; path = CMakeLists.txt; sourceTree = "<group>"; };
		A6FEE5351CD48B0A00B1855B /* Cwise.h */ = {isa = PBXFileReference; fileEncoding = 4; lastKnownFileType = sourcecode.c.h; path = Cwise.h; sourceTree = "<group>"; };
		A6FEE5361CD48B0A00B1855B /* CwiseOperators.h */ = {isa = PBXFileReference; fileEncoding = 4; lastKnownFileType = sourcecode.c.h; path = CwiseOperators.h; sourceTree = "<group>"; };
		A6FEE5381CD48B0A00B1855B /* AlignedBox.h */ = {isa = PBXFileReference; fileEncoding = 4; lastKnownFileType = sourcecode.c.h; path = AlignedBox.h; sourceTree = "<group>"; };
		A6FEE5391CD48B0A00B1855B /* All.h */ = {isa = PBXFileReference; fileEncoding = 4; lastKnownFileType = sourcecode.c.h; path = All.h; sourceTree = "<group>"; };
		A6FEE53A1CD48B0A00B1855B /* AngleAxis.h */ = {isa = PBXFileReference; fileEncoding = 4; lastKnownFileType = sourcecode.c.h; path = AngleAxis.h; sourceTree = "<group>"; };
		A6FEE53B1CD48B0A00B1855B /* CMakeLists.txt */ = {isa = PBXFileReference; fileEncoding = 4; lastKnownFileType = text; path = CMakeLists.txt; sourceTree = "<group>"; };
		A6FEE53C1CD48B0A00B1855B /* Hyperplane.h */ = {isa = PBXFileReference; fileEncoding = 4; lastKnownFileType = sourcecode.c.h; path = Hyperplane.h; sourceTree = "<group>"; };
		A6FEE53D1CD48B0A00B1855B /* ParametrizedLine.h */ = {isa = PBXFileReference; fileEncoding = 4; lastKnownFileType = sourcecode.c.h; path = ParametrizedLine.h; sourceTree = "<group>"; };
		A6FEE53E1CD48B0A00B1855B /* Quaternion.h */ = {isa = PBXFileReference; fileEncoding = 4; lastKnownFileType = sourcecode.c.h; path = Quaternion.h; sourceTree = "<group>"; };
		A6FEE53F1CD48B0A00B1855B /* Rotation2D.h */ = {isa = PBXFileReference; fileEncoding = 4; lastKnownFileType = sourcecode.c.h; path = Rotation2D.h; sourceTree = "<group>"; };
		A6FEE5401CD48B0A00B1855B /* RotationBase.h */ = {isa = PBXFileReference; fileEncoding = 4; lastKnownFileType = sourcecode.c.h; path = RotationBase.h; sourceTree = "<group>"; };
		A6FEE5411CD48B0A00B1855B /* Scaling.h */ = {isa = PBXFileReference; fileEncoding = 4; lastKnownFileType = sourcecode.c.h; path = Scaling.h; sourceTree = "<group>"; };
		A6FEE5421CD48B0A00B1855B /* Transform.h */ = {isa = PBXFileReference; fileEncoding = 4; lastKnownFileType = sourcecode.c.h; path = Transform.h; sourceTree = "<group>"; };
		A6FEE5431CD48B0A00B1855B /* Translation.h */ = {isa = PBXFileReference; fileEncoding = 4; lastKnownFileType = sourcecode.c.h; path = Translation.h; sourceTree = "<group>"; };
		A6FEE5441CD48B0A00B1855B /* Lazy.h */ = {isa = PBXFileReference; fileEncoding = 4; lastKnownFileType = sourcecode.c.h; path = Lazy.h; sourceTree = "<group>"; };
		A6FEE5451CD48B0A00B1855B /* LeastSquares.h */ = {isa = PBXFileReference; fileEncoding = 4; lastKnownFileType = sourcecode.c.h; path = LeastSquares.h; sourceTree = "<group>"; };
		A6FEE5461CD48B0A00B1855B /* LU.h */ = {isa = PBXFileReference; fileEncoding = 4; lastKnownFileType = sourcecode.c.h; path = LU.h; sourceTree = "<group>"; };
		A6FEE5471CD48B0A00B1855B /* Macros.h */ = {isa = PBXFileReference; fileEncoding = 4; lastKnownFileType = sourcecode.c.h; path = Macros.h; sourceTree = "<group>"; };
		A6FEE5481CD48B0A00B1855B /* MathFunctions.h */ = {isa = PBXFileReference; fileEncoding = 4; lastKnownFileType = sourcecode.c.h; path = MathFunctions.h; sourceTree = "<group>"; };
		A6FEE5491CD48B0A00B1855B /* Memory.h */ = {isa = PBXFileReference; fileEncoding = 4; lastKnownFileType = sourcecode.c.h; path = Memory.h; sourceTree = "<group>"; };
		A6FEE54A1CD48B0A00B1855B /* Meta.h */ = {isa = PBXFileReference; fileEncoding = 4; lastKnownFileType = sourcecode.c.h; path = Meta.h; sourceTree = "<group>"; };
		A6FEE54B1CD48B0A00B1855B /* Minor.h */ = {isa = PBXFileReference; fileEncoding = 4; lastKnownFileType = sourcecode.c.h; path = Minor.h; sourceTree = "<group>"; };
		A6FEE54C1CD48B0A00B1855B /* QR.h */ = {isa = PBXFileReference; fileEncoding = 4; lastKnownFileType = sourcecode.c.h; path = QR.h; sourceTree = "<group>"; };
		A6FEE54D1CD48B0A00B1855B /* SVD.h */ = {isa = PBXFileReference; fileEncoding = 4; lastKnownFileType = sourcecode.c.h; path = SVD.h; sourceTree = "<group>"; };
		A6FEE54E1CD48B0A00B1855B /* TriangularSolver.h */ = {isa = PBXFileReference; fileEncoding = 4; lastKnownFileType = sourcecode.c.h; path = TriangularSolver.h; sourceTree = "<group>"; };
		A6FEE54F1CD48B0A00B1855B /* VectorBlock.h */ = {isa = PBXFileReference; fileEncoding = 4; lastKnownFileType = sourcecode.c.h; path = VectorBlock.h; sourceTree = "<group>"; };
		A6FEE5511CD48B0A00B1855B /* CMakeLists.txt */ = {isa = PBXFileReference; fileEncoding = 4; lastKnownFileType = text; path = CMakeLists.txt; sourceTree = "<group>"; };
		A6FEE5521CD48B0A00B1855B /* ComplexEigenSolver.h */ = {isa = PBXFileReference; fileEncoding = 4; lastKnownFileType = sourcecode.c.h; path = ComplexEigenSolver.h; sourceTree = "<group>"; };
		A6FEE5531CD48B0A00B1855B /* ComplexSchur.h */ = {isa = PBXFileReference; fileEncoding = 4; lastKnownFileType = sourcecode.c.h; path = ComplexSchur.h; sourceTree = "<group>"; };
		A6FEE5541CD48B0A00B1855B /* ComplexSchur_MKL.h */ = {isa = PBXFileReference; fileEncoding = 4; lastKnownFileType = sourcecode.c.h; path = ComplexSchur_MKL.h; sourceTree = "<group>"; };
		A6FEE5551CD48B0A00B1855B /* EigenSolver.h */ = {isa = PBXFileReference; fileEncoding = 4; lastKnownFileType = sourcecode.c.h; path = EigenSolver.h; sourceTree = "<group>"; };
		A6FEE5561CD48B0A00B1855B /* GeneralizedEigenSolver.h */ = {isa = PBXFileReference; fileEncoding = 4; lastKnownFileType = sourcecode.c.h; path = GeneralizedEigenSolver.h; sourceTree = "<group>"; };
		A6FEE5571CD48B0A00B1855B /* GeneralizedSelfAdjointEigenSolver.h */ = {isa = PBXFileReference; fileEncoding = 4; lastKnownFileType = sourcecode.c.h; path = GeneralizedSelfAdjointEigenSolver.h; sourceTree = "<group>"; };
		A6FEE5581CD48B0A00B1855B /* HessenbergDecomposition.h */ = {isa = PBXFileReference; fileEncoding = 4; lastKnownFileType = sourcecode.c.h; path = HessenbergDecomposition.h; sourceTree = "<group>"; };
		A6FEE5591CD48B0A00B1855B /* MatrixBaseEigenvalues.h */ = {isa = PBXFileReference; fileEncoding = 4; lastKnownFileType = sourcecode.c.h; path = MatrixBaseEigenvalues.h; sourceTree = "<group>"; };
		A6FEE55A1CD48B0A00B1855B /* RealQZ.h */ = {isa = PBXFileReference; fileEncoding = 4; lastKnownFileType = sourcecode.c.h; path = RealQZ.h; sourceTree = "<group>"; };
		A6FEE55B1CD48B0A00B1855B /* RealSchur.h */ = {isa = PBXFileReference; fileEncoding = 4; lastKnownFileType = sourcecode.c.h; path = RealSchur.h; sourceTree = "<group>"; };
		A6FEE55C1CD48B0A00B1855B /* RealSchur_MKL.h */ = {isa = PBXFileReference; fileEncoding = 4; lastKnownFileType = sourcecode.c.h; path = RealSchur_MKL.h; sourceTree = "<group>"; };
		A6FEE55D1CD48B0A00B1855B /* SelfAdjointEigenSolver.h */ = {isa = PBXFileReference; fileEncoding = 4; lastKnownFileType = sourcecode.c.h; path = SelfAdjointEigenSolver.h; sourceTree = "<group>"; };
		A6FEE55E1CD48B0A00B1855B /* SelfAdjointEigenSolver_MKL.h */ = {isa = PBXFileReference; fileEncoding = 4; lastKnownFileType = sourcecode.c.h; path = SelfAdjointEigenSolver_MKL.h; sourceTree = "<group>"; };
		A6FEE55F1CD48B0A00B1855B /* Tridiagonalization.h */ = {isa = PBXFileReference; fileEncoding = 4; lastKnownFileType = sourcecode.c.h; path = Tridiagonalization.h; sourceTree = "<group>"; };
		A6FEE5611CD48B0A00B1855B /* AlignedBox.h */ = {isa = PBXFileReference; fileEncoding = 4; lastKnownFileType = sourcecode.c.h; path = AlignedBox.h; sourceTree = "<group>"; };
		A6FEE5621CD48B0A00B1855B /* AngleAxis.h */ = {isa = PBXFileReference; fileEncoding = 4; lastKnownFileType = sourcecode.c.h; path = AngleAxis.h; sourceTree = "<group>"; };
		A6FEE5641CD48B0A00B1855B /* CMakeLists.txt */ = {isa = PBXFileReference; fileEncoding = 4; lastKnownFileType = text; path = CMakeLists.txt; sourceTree = "<group>"; };
		A6FEE5651CD48B0A00B1855B /* Geometry_SSE.h */ = {isa = PBXFileReference; fileEncoding = 4; lastKnownFileType = sourcecode.c.h; path = Geometry_SSE.h; sourceTree = "<group>"; };
		A6FEE5661CD48B0A00B1855B /* CMakeLists.txt */ = {isa = PBXFileReference; fileEncoding = 4; lastKnownFileType = text; path = CMakeLists.txt; sourceTree = "<group>"; };
		A6FEE5671CD48B0A00B1855B /* EulerAngles.h */ = {isa = PBXFileReference; fileEncoding = 4; lastKnownFileType = sourcecode.c.h; path = EulerAngles.h; sourceTree = "<group>"; };
		A6FEE5681CD48B0A00B1855B /* Homogeneous.h */ = {isa = PBXFileReference; fileEncoding = 4; lastKnownFileType = sourcecode.c.h; path = Homogeneous.h; sourceTree = "<group>"; };
		A6FEE5691CD48B0A00B1855B /* Hyperplane.h */ = {isa = PBXFileReference; fileEncoding = 4; lastKnownFileType = sourcecode.c.h; path = Hyperplane.h; sourceTree = "<group>"; };
		A6FEE56A1CD48B0A00B1855B /* OrthoMethods.h */ = {isa = PBXFileReference; fileEncoding = 4; lastKnownFileType = sourcecode.c.h; path = OrthoMethods.h; sourceTree = "<group>"; };
		A6FEE56B1CD48B0A00B1855B /* ParametrizedLine.h */ = {isa = PBXFileReference; fileEncoding = 4; lastKnownFileType = sourcecode.c.h; path = ParametrizedLine.h; sourceTree = "<group>"; };
		A6FEE56C1CD48B0A00B1855B /* Quaternion.h */ = {isa = PBXFileReference; fileEncoding = 4; lastKnownFileType = sourcecode.c.h; path = Quaternion.h; sourceTree = "<group>"; };
		A6FEE56D1CD48B0A00B1855B /* Rotation2D.h */ = {isa = PBXFileReference; fileEncoding = 4; lastKnownFileType = sourcecode.c.h; path = Rotation2D.h; sourceTree = "<group>"; };
		A6FEE56E1CD48B0A00B1855B /* RotationBase.h */ = {isa = PBXFileReference; fileEncoding = 4; lastKnownFileType = sourcecode.c.h; path = RotationBase.h; sourceTree = "<group>"; };
		A6FEE56F1CD48B0A00B1855B /* Scaling.h */ = {isa = PBXFileReference; fileEncoding = 4; lastKnownFileType = sourcecode.c.h; path = Scaling.h; sourceTree = "<group>"; };
		A6FEE5701CD48B0A00B1855B /* Transform.h */ = {isa = PBXFileReference; fileEncoding = 4; lastKnownFileType = sourcecode.c.h; path = Transform.h; sourceTree = "<group>"; };
		A6FEE5711CD48B0A00B1855B /* Translation.h */ = {isa = PBXFileReference; fileEncoding = 4; lastKnownFileType = sourcecode.c.h; path = Translation.h; sourceTree = "<group>"; };
		A6FEE5721CD48B0A00B1855B /* Umeyama.h */ = {isa = PBXFileReference; fileEncoding = 4; lastKnownFileType = sourcecode.c.h; path = Umeyama.h; sourceTree = "<group>"; };
		A6FEE5741CD48B0A00B1855B /* BlockHouseholder.h */ = {isa = PBXFileReference; fileEncoding = 4; lastKnownFileType = sourcecode.c.h; path = BlockHouseholder.h; sourceTree = "<group>"; };
		A6FEE5751CD48B0A00B1855B /* CMakeLists.txt */ = {isa = PBXFileReference; fileEncoding = 4; lastKnownFileType = text; path = CMakeLists.txt; sourceTree = "<group>"; };
		A6FEE5761CD48B0A00B1855B /* Householder.h */ = {isa = PBXFileReference; fileEncoding = 4; lastKnownFileType = sourcecode.c.h; path = Householder.h; sourceTree = "<group>"; };
		A6FEE5771CD48B0A00B1855B /* HouseholderSequence.h */ = {isa = PBXFileReference; fileEncoding = 4; lastKnownFileType = sourcecode.c.h; path = HouseholderSequence.h; sourceTree = "<group>"; };
		A6FEE5791CD48B0A00B1855B /* BasicPreconditioners.h */ = {isa = PBXFileReference; fileEncoding = 4; lastKnownFileType = sourcecode.c.h; path = BasicPreconditioners.h; sourceTree = "<group>"; };
		A6FEE57A1CD48B0A00B1855B /* BiCGSTAB.h */ = {isa = PBXFileReference; fileEncoding = 4; lastKnownFileType = sourcecode.c.h; path = BiCGSTAB.h; sourceTree = "<group>"; };
		A6FEE57B1CD48B0A00B1855B /* CMakeLists.txt */ = {isa = PBXFileReference; fileEncoding = 4; lastKnownFileType = text; path = CMakeLists.txt; sourceTree = "<group>"; };
		A6FEE57C1CD48B0A00B1855B /* ConjugateGradient.h */ = {isa = PBXFileReference; fileEncoding = 4; lastKnownFileType = sourcecode.c.h; path = ConjugateGradient.h; sourceTree = "<group>"; };
		A6FEE57D1CD48B0A00B1855B /* IncompleteLUT.h */ = {isa = PBXFileReference; fileEncoding = 4; lastKnownFileType = sourcecode.c.h; path = IncompleteLUT.h; sourceTree = "<group>"; };
		A6FEE57E1CD48B0A00B1855B /* IterativeSolverBase.h */ = {isa = PBXFileReference; fileEncoding = 4; lastKnownFileType = sourcecode.c.h; path = IterativeSolverBase.h; sourceTree = "<group>"; };
		A6FEE5801CD48B0A00B1855B /* CMakeLists.txt */ = {isa = PBXFileReference; fileEncoding = 4; lastKnownFileType = text; path = CMakeLists.txt; sourceTree = "<group>"; };
		A6FEE5811CD48B0A00B1855B /* Jacobi.h */ = {isa = PBXFileReference; fileEncoding = 4; lastKnownFileType = sourcecode.c.h; path = Jacobi.h; sourceTree = "<group>"; };
		A6FEE5841CD48B0A00B1855B /* CMakeLists.txt */ = {isa = PBXFileReference; fileEncoding = 4; lastKnownFileType = text; path = CMakeLists.txt; sourceTree = "<group>"; };
		A6FEE5851CD48B0A00B1855B /* Inverse_SSE.h */ = {isa = PBXFileReference; fileEncoding = 4; lastKnownFileType = sourcecode.c.h; path = Inverse_SSE.h; sourceTree = "<group>"; };
		A6FEE5861CD48B0A00B1855B /* CMakeLists.txt */ = {isa = PBXFileReference; fileEncoding = 4; lastKnownFileType = text; path = CMakeLists.txt; sourceTree = "<group>"; };
		A6FEE5871CD48B0A00B1855B /* Determinant.h */ = {isa = PBXFileReference; fileEncoding = 4; lastKnownFileType = sourcecode.c.h; path = Determinant.h; sourceTree = "<group>"; };
		A6FEE5881CD48B0A00B1855B /* FullPivLU.h */ = {isa = PBXFileReference; fileEncoding = 4; lastKnownFileType = sourcecode.c.h; path = FullPivLU.h; sourceTree = "<group>"; };
		A6FEE5891CD48B0A00B1855B /* Inverse.h */ = {isa = PBXFileReference; fileEncoding = 4; lastKnownFileType = sourcecode.c.h; path = Inverse.h; sourceTree = "<group>"; };
		A6FEE58A1CD48B0A00B1855B /* PartialPivLU.h */ = {isa = PBXFileReference; fileEncoding = 4; lastKnownFileType = sourcecode.c.h; path = PartialPivLU.h; sourceTree = "<group>"; };
		A6FEE58B1CD48B0A00B1855B /* PartialPivLU_MKL.h */ = {isa = PBXFileReference; fileEncoding = 4; lastKnownFileType = sourcecode.c.h; path = PartialPivLU_MKL.h; sourceTree = "<group>"; };
		A6FEE58D1CD48B0A00B1855B /* CMakeLists.txt */ = {isa = PBXFileReference; fileEncoding = 4; lastKnownFileType = text; path = CMakeLists.txt; sourceTree = "<group>"; };
		A6FEE58E1CD48B0A00B1855B /* MetisSupport.h */ = {isa = PBXFileReference; fileEncoding = 4; lastKnownFileType = sourcecode.c.h; path = MetisSupport.h; sourceTree = "<group>"; };
		A6FEE5901CD48B0A00B1855B /* blas.h */ = {isa = PBXFileReference; fileEncoding = 4; lastKnownFileType = sourcecode.c.h; path = blas.h; sourceTree = "<group>"; };
		A6FEE5911CD48B0A00B1855B /* CMakeLists.txt */ = {isa = PBXFileReference; fileEncoding = 4; lastKnownFileType = text; path = CMakeLists.txt; sourceTree = "<group>"; };
		A6FEE5921CD48B0A00B1855B /* Image.h */ = {isa = PBXFileReference; fileEncoding = 4; lastKnownFileType = sourcecode.c.h; path = Image.h; sourceTree = "<group>"; };
		A6FEE5931CD48B0A00B1855B /* Kernel.h */ = {isa = PBXFileReference; fileEncoding = 4; lastKnownFileType = sourcecode.c.h; path = Kernel.h; sourceTree = "<group>"; };
		A6FEE5941CD48B0A00B1855B /* Solve.h */ = {isa = PBXFileReference; fileEncoding = 4; lastKnownFileType = sourcecode.c.h; path = Solve.h; sourceTree = "<group>"; };
		A6FEE5951CD48B0A00B1855B /* SparseSolve.h */ = {isa = PBXFileReference; fileEncoding = 4; lastKnownFileType = sourcecode.c.h; path = SparseSolve.h; sourceTree = "<group>"; };
		A6FEE5971CD48B0A00B1855B /* Amd.h */ = {isa = PBXFileReference; fileEncoding = 4; lastKnownFileType = sourcecode.c.h; path = Amd.h; sourceTree = "<group>"; };
		A6FEE5981CD48B0A00B1855B /* CMakeLists.txt */ = {isa = PBXFileReference; fileEncoding = 4; lastKnownFileType = text; path = CMakeLists.txt; sourceTree = "<group>"; };
		A6FEE5991CD48B0A00B1855B /* Eigen_Colamd.h */ = {isa = PBXFileReference; fileEncoding = 4; lastKnownFileType = sourcecode.c.h; path = Eigen_Colamd.h; sourceTree = "<group>"; };
		A6FEE59A1CD48B0A00B1855B /* Ordering.h */ = {isa = PBXFileReference; fileEncoding = 4; lastKnownFileType = sourcecode.c.h; path = Ordering.h; sourceTree = "<group>"; };
		A6FEE59C1CD48B0A00B1855B /* CMakeLists.txt */ = {isa = PBXFileReference; fileEncoding = 4; lastKnownFileType = text; path = CMakeLists.txt; sourceTree = "<group>"; };
		A6FEE59D1CD48B0A00B1855B /* PardisoSupport.h */ = {isa = PBXFileReference; fileEncoding = 4; lastKnownFileType = sourcecode.c.h; path = PardisoSupport.h; sourceTree = "<group>"; };
		A6FEE59F1CD48B0A00B1855B /* CMakeLists.txt */ = {isa = PBXFileReference; fileEncoding = 4; lastKnownFileType = text; path = CMakeLists.txt; sourceTree = "<group>"; };
		A6FEE5A01CD48B0A00B1855B /* PaStiXSupport.h */ = {isa = PBXFileReference; fileEncoding = 4; lastKnownFileType = sourcecode.c.h; path = PaStiXSupport.h; sourceTree = "<group>"; };
		A6FEE5A21CD48B0A00B1855B /* ArrayCwiseBinaryOps.h */ = {isa = PBXFileReference; fileEncoding = 4; lastKnownFileType = sourcecode.c.h; path = ArrayCwiseBinaryOps.h; sourceTree = "<group>"; };
		A6FEE5A31CD48B0A00B1855B /* ArrayCwiseUnaryOps.h */ = {isa = PBXFileReference; fileEncoding = 4; lastKnownFileType = sourcecode.c.h; path = ArrayCwiseUnaryOps.h; sourceTree = "<group>"; };
		A6FEE5A41CD48B0A00B1855B /* BlockMethods.h */ = {isa = PBXFileReference; fileEncoding = 4; lastKnownFileType = sourcecode.c.h; path = BlockMethods.h; sourceTree = "<group>"; };
		A6FEE5A51CD48B0A00B1855B /* CMakeLists.txt */ = {isa = PBXFileReference; fileEncoding = 4; lastKnownFileType = text; path = CMakeLists.txt; sourceTree = "<group>"; };
		A6FEE5A61CD48B0A00B1855B /* CommonCwiseBinaryOps.h */ = {isa = PBXFileReference; fileEncoding = 4; lastKnownFileType = sourcecode.c.h; path = CommonCwiseBinaryOps.h; sourceTree = "<group>"; };
		A6FEE5A71CD48B0A00B1855B /* CommonCwiseUnaryOps.h */ = {isa = PBXFileReference; fileEncoding = 4; lastKnownFileType = sourcecode.c.h; path = CommonCwiseUnaryOps.h; sourceTree = "<group>"; };
		A6FEE5A81CD48B0A00B1855B /* MatrixCwiseBinaryOps.h */ = {isa = PBXFileReference; fileEncoding = 4; lastKnownFileType = sourcecode.c.h; path = MatrixCwiseBinaryOps.h; sourceTree = "<group>"; };
		A6FEE5A91CD48B0A00B1855B /* MatrixCwiseUnaryOps.h */ = {isa = PBXFileReference; fileEncoding = 4; lastKnownFileType = sourcecode.c.h; path = MatrixCwiseUnaryOps.h; sourceTree = "<group>"; };
		A6FEE5AB1CD48B0A00B1855B /* CMakeLists.txt */ = {isa = PBXFileReference; fileEncoding = 4; lastKnownFileType = text; path = CMakeLists.txt; sourceTree = "<group>"; };
		A6FEE5AC1CD48B0A00B1855B /* ColPivHouseholderQR.h */ = {isa = PBXFileReference; fileEncoding = 4; lastKnownFileType = sourcecode.c.h; path = ColPivHouseholderQR.h; sourceTree = "<group>"; };
		A6FEE5AD1CD48B0A00B1855B /* ColPivHouseholderQR_MKL.h */ = {isa = PBXFileReference; fileEncoding = 4; lastKnownFileType = sourcecode.c.h; path = ColPivHouseholderQR_MKL.h; sourceTree = "<group>"; };
		A6FEE5AE1CD48B0A00B1855B /* FullPivHouseholderQR.h */ = {isa = PBXFileReference; fileEncoding = 4; lastKnownFileType = sourcecode.c.h; path = FullPivHouseholderQR.h; sourceTree = "<group>"; };
		A6FEE5AF1CD48B0A00B1855B /* HouseholderQR.h */ = {isa = PBXFileReference; fileEncoding = 4; lastKnownFileType = sourcecode.c.h; path = HouseholderQR.h; sourceTree = "<group>"; };
		A6FEE5B01CD48B0A00B1855B /* HouseholderQR_MKL.h */ = {isa = PBXFileReference; fileEncoding = 4; lastKnownFileType = sourcecode.c.h; path = HouseholderQR_MKL.h; sourceTree = "<group>"; };
		A6FEE5B21CD48B0A00B1855B /* CMakeLists.txt */ = {isa = PBXFileReference; fileEncoding = 4; lastKnownFileType = text; path = CMakeLists.txt; sourceTree = "<group>"; };
		A6FEE5B31CD48B0A00B1855B /* SimplicialCholesky.h */ = {isa = PBXFileReference; fileEncoding = 4; lastKnownFileType = sourcecode.c.h; path = SimplicialCholesky.h; sourceTree = "<group>"; };
		A6FEE5B41CD48B0A00B1855B /* SimplicialCholesky_impl.h */ = {isa = PBXFileReference; fileEncoding = 4; lastKnownFileType = sourcecode.c.h; path = SimplicialCholesky_impl.h; sourceTree = "<group>"; };
		A6FEE5B61CD48B0A00B1855B /* AmbiVector.h */ = {isa = PBXFileReference; fileEncoding = 4; lastKnownFileType = sourcecode.c.h; path = AmbiVector.h; sourceTree = "<group>"; };
		A6FEE5B71CD48B0A00B1855B /* CMakeLists.txt */ = {isa = PBXFileReference; fileEncoding = 4; lastKnownFileType = text; path = CMakeLists.txt; sourceTree = "<group>"; };
		A6FEE5B81CD48B0A00B1855B /* CompressedStorage.h */ = {isa = PBXFileReference; fileEncoding = 4; lastKnownFileType = sourcecode.c.h; path = CompressedStorage.h; sourceTree = "<group>"; };
		A6FEE5B91CD48B0A00B1855B /* ConservativeSparseSparseProduct.h */ = {isa = PBXFileReference; fileEncoding = 4; lastKnownFileType = sourcecode.c.h; path = ConservativeSparseSparseProduct.h; sourceTree = "<group>"; };
		A6FEE5BA1CD48B0A00B1855B /* MappedSparseMatrix.h */ = {isa = PBXFileReference; fileEncoding = 4; lastKnownFileType = sourcecode.c.h; path = MappedSparseMatrix.h; sourceTree = "<group>"; };
		A6FEE5BB1CD48B0A00B1855B /* SparseBlock.h */ = {isa = PBXFileReference; fileEncoding = 4; lastKnownFileType = sourcecode.c.h; path = SparseBlock.h; sourceTree = "<group>"; };
		A6FEE5BC1CD48B0A00B1855B /* SparseColEtree.h */ = {isa = PBXFileReference; fileEncoding = 4; lastKnownFileType = sourcecode.c.h; path = SparseColEtree.h; sourceTree = "<group>"; };
		A6FEE5BD1CD48B0A00B1855B /* SparseCwiseBinaryOp.h */ = {isa = PBXFileReference; fileEncoding = 4; lastKnownFileType = sourcecode.c.h; path = SparseCwiseBinaryOp.h; sourceTree = "<group>"; };
		A6FEE5BE1CD48B0A00B1855B /* SparseCwiseUnaryOp.h */ = {isa = PBXFileReference; fileEncoding = 4; lastKnownFileType = sourcecode.c.h; path = SparseCwiseUnaryOp.h; sourceTree = "<group>"; };
		A6FEE5BF1CD48B0A00B1855B /* SparseDenseProduct.h */ = {isa = PBXFileReference; fileEncoding = 4; lastKnownFileType = sourcecode.c.h; path = SparseDenseProduct.h; sourceTree = "<group>"; };
		A6FEE5C01CD48B0A00B1855B /* SparseDiagonalProduct.h */ = {isa = PBXFileReference; fileEncoding = 4; lastKnownFileType = sourcecode.c.h; path = SparseDiagonalProduct.h; sourceTree = "<group>"; };
		A6FEE5C11CD48B0A00B1855B /* SparseDot.h */ = {isa = PBXFileReference; fileEncoding = 4; lastKnownFileType = sourcecode.c.h; path = SparseDot.h; sourceTree = "<group>"; };
		A6FEE5C21CD48B0A00B1855B /* SparseFuzzy.h */ = {isa = PBXFileReference; fileEncoding = 4; lastKnownFileType = sourcecode.c.h; path = SparseFuzzy.h; sourceTree = "<group>"; };
		A6FEE5C31CD48B0A00B1855B /* SparseMatrix.h */ = {isa = PBXFileReference; fileEncoding = 4; lastKnownFileType = sourcecode.c.h; path = SparseMatrix.h; sourceTree = "<group>"; };
		A6FEE5C41CD48B0A00B1855B /* SparseMatrixBase.h */ = {isa = PBXFileReference; fileEncoding = 4; lastKnownFileType = sourcecode.c.h; path = SparseMatrixBase.h; sourceTree = "<group>"; };
		A6FEE5C51CD48B0A00B1855B /* SparsePermutation.h */ = {isa = PBXFileReference; fileEncoding = 4; lastKnownFileType = sourcecode.c.h; path = SparsePermutation.h; sourceTree = "<group>"; };
		A6FEE5C61CD48B0A00B1855B /* SparseProduct.h */ = {isa = PBXFileReference; fileEncoding = 4; lastKnownFileType = sourcecode.c.h; path = SparseProduct.h; sourceTree = "<group>"; };
		A6FEE5C71CD48B0A00B1855B /* SparseRedux.h */ = {isa = PBXFileReference; fileEncoding = 4; lastKnownFileType = sourcecode.c.h; path = SparseRedux.h; sourceTree = "<group>"; };
		A6FEE5C81CD48B0A00B1855B /* SparseSelfAdjointView.h */ = {isa = PBXFileReference; fileEncoding = 4; lastKnownFileType = sourcecode.c.h; path = SparseSelfAdjointView.h; sourceTree = "<group>"; };
		A6FEE5C91CD48B0A00B1855B /* SparseSparseProductWithPruning.h */ = {isa = PBXFileReference; fileEncoding = 4; lastKnownFileType = sourcecode.c.h; path = SparseSparseProductWithPruning.h; sourceTree = "<group>"; };
		A6FEE5CA1CD48B0A00B1855B /* SparseTranspose.h */ = {isa = PBXFileReference; fileEncoding = 4; lastKnownFileType = sourcecode.c.h; path = SparseTranspose.h; sourceTree = "<group>"; };
		A6FEE5CB1CD48B0A00B1855B /* SparseTriangularView.h */ = {isa = PBXFileReference; fileEncoding = 4; lastKnownFileType = sourcecode.c.h; path = SparseTriangularView.h; sourceTree = "<group>"; };
		A6FEE5CC1CD48B0A00B1855B /* SparseUtil.h */ = {isa = PBXFileReference; fileEncoding = 4; lastKnownFileType = sourcecode.c.h; path = SparseUtil.h; sourceTree = "<group>"; };
		A6FEE5CD1CD48B0A00B1855B /* SparseVector.h */ = {isa = PBXFileReference; fileEncoding = 4; lastKnownFileType = sourcecode.c.h; path = SparseVector.h; sourceTree = "<group>"; };
		A6FEE5CE1CD48B0A00B1855B /* SparseView.h */ = {isa = PBXFileReference; fileEncoding = 4; lastKnownFileType = sourcecode.c.h; path = SparseView.h; sourceTree = "<group>"; };
		A6FEE5CF1CD48B0A00B1855B /* TriangularSolver.h */ = {isa = PBXFileReference; fileEncoding = 4; lastKnownFileType = sourcecode.c.h; path = TriangularSolver.h; sourceTree = "<group>"; };
		A6FEE5D11CD48B0A00B1855B /* CMakeLists.txt */ = {isa = PBXFileReference; fileEncoding = 4; lastKnownFileType = text; path = CMakeLists.txt; sourceTree = "<group>"; };
		A6FEE5D21CD48B0A00B1855B /* SparseLU.h */ = {isa = PBXFileReference; fileEncoding = 4; lastKnownFileType = sourcecode.c.h; path = SparseLU.h; sourceTree = "<group>"; };
		A6FEE5D31CD48B0A00B1855B /* SparseLU_column_bmod.h */ = {isa = PBXFileReference; fileEncoding = 4; lastKnownFileType = sourcecode.c.h; path = SparseLU_column_bmod.h; sourceTree = "<group>"; };
		A6FEE5D41CD48B0A00B1855B /* SparseLU_column_dfs.h */ = {isa = PBXFileReference; fileEncoding = 4; lastKnownFileType = sourcecode.c.h; path = SparseLU_column_dfs.h; sourceTree = "<group>"; };
		A6FEE5D51CD48B0A00B1855B /* SparseLU_copy_to_ucol.h */ = {isa = PBXFileReference; fileEncoding = 4; lastKnownFileType = sourcecode.c.h; path = SparseLU_copy_to_ucol.h; sourceTree = "<group>"; };
		A6FEE5D61CD48B0A00B1855B /* SparseLU_gemm_kernel.h */ = {isa = PBXFileReference; fileEncoding = 4; lastKnownFileType = sourcecode.c.h; path = SparseLU_gemm_kernel.h; sourceTree = "<group>"; };
		A6FEE5D71CD48B0A00B1855B /* SparseLU_heap_relax_snode.h */ = {isa = PBXFileReference; fileEncoding = 4; lastKnownFileType = sourcecode.c.h; path = SparseLU_heap_relax_snode.h; sourceTree = "<group>"; };
		A6FEE5D81CD48B0A00B1855B /* SparseLU_kernel_bmod.h */ = {isa = PBXFileReference; fileEncoding = 4; lastKnownFileType = sourcecode.c.h; path = SparseLU_kernel_bmod.h; sourceTree = "<group>"; };
		A6FEE5D91CD48B0A00B1855B /* SparseLU_Memory.h */ = {isa = PBXFileReference; fileEncoding = 4; lastKnownFileType = sourcecode.c.h; path = SparseLU_Memory.h; sourceTree = "<group>"; };
		A6FEE5DA1CD48B0A00B1855B /* SparseLU_panel_bmod.h */ = {isa = PBXFileReference; fileEncoding = 4; lastKnownFileType = sourcecode.c.h; path = SparseLU_panel_bmod.h; sourceTree = "<group>"; };
		A6FEE5DB1CD48B0A00B1855B /* SparseLU_panel_dfs.h */ = {isa = PBXFileReference; fileEncoding = 4; lastKnownFileType = sourcecode.c.h; path = SparseLU_panel_dfs.h; sourceTree = "<group>"; };
		A6FEE5DC1CD48B0A00B1855B /* SparseLU_pivotL.h */ = {isa = PBXFileReference; fileEncoding = 4; lastKnownFileType = sourcecode.c.h; path = SparseLU_pivotL.h; sourceTree = "<group>"; };
		A6FEE5DD1CD48B0A00B1855B /* SparseLU_pruneL.h */ = {isa = PBXFileReference; fileEncoding = 4; lastKnownFileType = sourcecode.c.h; path = SparseLU_pruneL.h; sourceTree = "<group>"; };
		A6FEE5DE1CD48B0A00B1855B /* SparseLU_relax_snode.h */ = {isa = PBXFileReference; fileEncoding = 4; lastKnownFileType = sourcecode.c.h; path = SparseLU_relax_snode.h; sourceTree = "<group>"; };
		A6FEE5DF1CD48B0A00B1855B /* SparseLU_Structs.h */ = {isa = PBXFileReference; fileEncoding = 4; lastKnownFileType = sourcecode.c.h; path = SparseLU_Structs.h; sourceTree = "<group>"; };
		A6FEE5E01CD48B0A00B1855B /* SparseLU_SupernodalMatrix.h */ = {isa = PBXFileReference; fileEncoding = 4; lastKnownFileType = sourcecode.c.h; path = SparseLU_SupernodalMatrix.h; sourceTree = "<group>"; };
		A6FEE5E11CD48B0A00B1855B /* SparseLU_Utils.h */ = {isa = PBXFileReference; fileEncoding = 4; lastKnownFileType = sourcecode.c.h; path = SparseLU_Utils.h; sourceTree = "<group>"; };
		A6FEE5E21CD48B0A00B1855B /* SparseLUImpl.h */ = {isa = PBXFileReference; fileEncoding = 4; lastKnownFileType = sourcecode.c.h; path = SparseLUImpl.h; sourceTree = "<group>"; };
		A6FEE5E41CD48B0A00B1855B /* CMakeLists.txt */ = {isa = PBXFileReference; fileEncoding = 4; lastKnownFileType = text; path = CMakeLists.txt; sourceTree = "<group>"; };
		A6FEE5E51CD48B0A00B1855B /* SparseQR.h */ = {isa = PBXFileReference; fileEncoding = 4; lastKnownFileType = sourcecode.c.h; path = SparseQR.h; sourceTree = "<group>"; };
		A6FEE5E71CD48B0A00B1855B /* CMakeLists.txt */ = {isa = PBXFileReference; fileEncoding = 4; lastKnownFileType = text; path = CMakeLists.txt; sourceTree = "<group>"; };
		A6FEE5E81CD48B0A00B1855B /* SuiteSparseQRSupport.h */ = {isa = PBXFileReference; fileEncoding = 4; lastKnownFileType = sourcecode.c.h; path = SuiteSparseQRSupport.h; sourceTree = "<group>"; };
		A6FEE5EA1CD48B0A00B1855B /* CMakeLists.txt */ = {isa = PBXFileReference; fileEncoding = 4; lastKnownFileType = text; path = CMakeLists.txt; sourceTree = "<group>"; };
		A6FEE5EB1CD48B0A00B1855B /* details.h */ = {isa = PBXFileReference; fileEncoding = 4; lastKnownFileType = sourcecode.c.h; path = details.h; sourceTree = "<group>"; };
		A6FEE5EC1CD48B0A00B1855B /* StdDeque.h */ = {isa = PBXFileReference; fileEncoding = 4; lastKnownFileType = sourcecode.c.h; path = StdDeque.h; sourceTree = "<group>"; };
		A6FEE5ED1CD48B0A00B1855B /* StdList.h */ = {isa = PBXFileReference; fileEncoding = 4; lastKnownFileType = sourcecode.c.h; path = StdList.h; sourceTree = "<group>"; };
		A6FEE5EE1CD48B0A00B1855B /* StdVector.h */ = {isa = PBXFileReference; fileEncoding = 4; lastKnownFileType = sourcecode.c.h; path = StdVector.h; sourceTree = "<group>"; };
		A6FEE5F01CD48B0A00B1855B /* CMakeLists.txt */ = {isa = PBXFileReference; fileEncoding = 4; lastKnownFileType = text; path = CMakeLists.txt; sourceTree = "<group>"; };
		A6FEE5F11CD48B0A00B1855B /* SuperLUSupport.h */ = {isa = PBXFileReference; fileEncoding = 4; lastKnownFileType = sourcecode.c.h; path = SuperLUSupport.h; sourceTree = "<group>"; };
		A6FEE5F31CD48B0A00B1855B /* CMakeLists.txt */ = {isa = PBXFileReference; fileEncoding = 4; lastKnownFileType = text; path = CMakeLists.txt; sourceTree = "<group>"; };
		A6FEE5F41CD48B0A00B1855B /* JacobiSVD.h */ = {isa = PBXFileReference; fileEncoding = 4; lastKnownFileType = sourcecode.c.h; path = JacobiSVD.h; sourceTree = "<group>"; };
		A6FEE5F51CD48B0A00B1855B /* JacobiSVD_MKL.h */ = {isa = PBXFileReference; fileEncoding = 4; lastKnownFileType = sourcecode.c.h; path = JacobiSVD_MKL.h; sourceTree = "<group>"; };
		A6FEE5F61CD48B0A00B1855B /* UpperBidiagonalization.h */ = {isa = PBXFileReference; fileEncoding = 4; lastKnownFileType = sourcecode.c.h; path = UpperBidiagonalization.h; sourceTree = "<group>"; };
		A6FEE5F81CD48B0A00B1855B /* CMakeLists.txt */ = {isa = PBXFileReference; fileEncoding = 4; lastKnownFileType = text; path = CMakeLists.txt; sourceTree = "<group>"; };
		A6FEE5F91CD48B0A00B1855B /* UmfPackSupport.h */ = {isa = PBXFileReference; fileEncoding = 4; lastKnownFileType = sourcecode.c.h; path = UmfPackSupport.h; sourceTree = "<group>"; };
		A6FEE5FA1CD48B0A00B1855B /* StdDeque */ = {isa = PBXFileReference; fileEncoding = 4; lastKnownFileType = text; path = StdDeque; sourceTree = "<group>"; };
		A6FEE5FB1CD48B0A00B1855B /* StdList */ = {isa = PBXFileReference; fileEncoding = 4; lastKnownFileType = text; path = StdList; sourceTree = "<group>"; };
		A6FEE5FC1CD48B0A00B1855B /* StdVector */ = {isa = PBXFileReference; fileEncoding = 4; lastKnownFileType = text; path = StdVector; sourceTree = "<group>"; };
		A6FEE5FD1CD48B0A00B1855B /* SuperLUSupport */ = {isa = PBXFileReference; fileEncoding = 4; lastKnownFileType = text; path = SuperLUSupport; sourceTree = "<group>"; };
		A6FEE5FE1CD48B0A00B1855B /* SVD */ = {isa = PBXFileReference; fileEncoding = 4; lastKnownFileType = text; path = SVD; sourceTree = "<group>"; };
		A6FEE5FF1CD48B0A00B1855B /* UmfPackSupport */ = {isa = PBXFileReference; fileEncoding = 4; lastKnownFileType = text; path = UmfPackSupport; sourceTree = "<group>"; };
		A6FEE6001CD48B0A00B1855B /* BestFit.cpp */ = {isa = PBXFileReference; fileEncoding = 4; lastKnownFileType = sourcecode.cpp.cpp; path = BestFit.cpp; sourceTree = "<group>"; };
		A6FEE6011CD48B0A00B1855B /* BestFit.h */ = {isa = PBXFileReference; fileEncoding = 4; lastKnownFileType = sourcecode.c.h; path = BestFit.h; sourceTree = "<group>"; };
		A6FEE6021CD48B0A00B1855B /* ShapeFit.cpp */ = {isa = PBXFileReference; fileEncoding = 4; lastKnownFileType = sourcecode.cpp.cpp; path = ShapeFit.cpp; sourceTree = "<group>"; };
		A6FEE6031CD48B0A00B1855B /* ShapeFit.h */ = {isa = PBXFileReference; fileEncoding = 4; lastKnownFileType = sourcecode.c.h; path = ShapeFit.h; sourceTree = "<group>"; };
/* End PBXFileReference section */

/* Begin PBXFrameworksBuildPhase section */
		A6FEE4891CD48AC700B1855B /* Frameworks */ = {
			isa = PBXFrameworksBuildPhase;
			buildActionMask = 2147483647;
			files = (
			);
			runOnlyForDeploymentPostprocessing = 0;
		};
/* End PBXFrameworksBuildPhase section */

/* Begin PBXGroup section */
		A6FEE4831CD48AC700B1855B = {
			isa = PBXGroup;
			children = (
				A6FEE48E1CD48AC700B1855B /* BestFit */,
				A6FEE48D1CD48AC700B1855B /* Products */,
			);
			sourceTree = "<group>";
		};
		A6FEE48D1CD48AC700B1855B /* Products */ = {
			isa = PBXGroup;
			children = (
				A6FEE48C1CD48AC700B1855B /* BestFit */,
			);
			name = Products;
			sourceTree = "<group>";
		};
		A6FEE48E1CD48AC700B1855B /* BestFit */ = {
			isa = PBXGroup;
			children = (
				A6FEE4961CD48B0A00B1855B /* Eigen */,
				A6FEE6001CD48B0A00B1855B /* BestFit.cpp */,
				A6FEE6011CD48B0A00B1855B /* BestFit.h */,
				A6FEE6021CD48B0A00B1855B /* ShapeFit.cpp */,
				A6FEE6031CD48B0A00B1855B /* ShapeFit.h */,
			);
			path = BestFit;
			sourceTree = "<group>";
		};
		A6FEE4961CD48B0A00B1855B /* Eigen */ = {
			isa = PBXGroup;
			children = (
				A6FEE4971CD48B0A00B1855B /* Array */,
				A6FEE4981CD48B0A00B1855B /* Cholesky */,
				A6FEE4991CD48B0A00B1855B /* CholmodSupport */,
				A6FEE49A1CD48B0A00B1855B /* CMakeLists.txt */,
				A6FEE49B1CD48B0A00B1855B /* Core */,
				A6FEE49C1CD48B0A00B1855B /* Dense */,
				A6FEE49D1CD48B0A00B1855B /* Eigen */,
				A6FEE49E1CD48B0A00B1855B /* Eigen2Support */,
				A6FEE49F1CD48B0A00B1855B /* Eigenvalues */,
				A6FEE4A01CD48B0A00B1855B /* Geometry */,
				A6FEE4A11CD48B0A00B1855B /* Householder */,
				A6FEE4A21CD48B0A00B1855B /* IterativeLinearSolvers */,
				A6FEE4A31CD48B0A00B1855B /* Jacobi */,
				A6FEE4A41CD48B0A00B1855B /* LeastSquares */,
				A6FEE4A51CD48B0A00B1855B /* LU */,
				A6FEE4A61CD48B0A00B1855B /* MetisSupport */,
				A6FEE4A71CD48B0A00B1855B /* OrderingMethods */,
				A6FEE4A81CD48B0A00B1855B /* PardisoSupport */,
				A6FEE4A91CD48B0A00B1855B /* PaStiXSupport */,
				A6FEE4AA1CD48B0A00B1855B /* QR */,
				A6FEE4AB1CD48B0A00B1855B /* QtAlignedMalloc */,
				A6FEE4AC1CD48B0A00B1855B /* Sparse */,
				A6FEE4AD1CD48B0A00B1855B /* SparseCholesky */,
				A6FEE4AE1CD48B0A00B1855B /* SparseCore */,
				A6FEE4AF1CD48B0A00B1855B /* SparseLU */,
				A6FEE4B01CD48B0A00B1855B /* SparseQR */,
				A6FEE4B11CD48B0A00B1855B /* SPQRSupport */,
				A6FEE4B21CD48B0A00B1855B /* src */,
				A6FEE5FA1CD48B0A00B1855B /* StdDeque */,
				A6FEE5FB1CD48B0A00B1855B /* StdList */,
				A6FEE5FC1CD48B0A00B1855B /* StdVector */,
				A6FEE5FD1CD48B0A00B1855B /* SuperLUSupport */,
				A6FEE5FE1CD48B0A00B1855B /* SVD */,
				A6FEE5FF1CD48B0A00B1855B /* UmfPackSupport */,
			);
			path = Eigen;
			sourceTree = "<group>";
		};
		A6FEE4B21CD48B0A00B1855B /* src */ = {
			isa = PBXGroup;
			children = (
				A6FEE4B31CD48B0A00B1855B /* Cholesky */,
				A6FEE4B81CD48B0A00B1855B /* CholmodSupport */,
				A6FEE4BB1CD48B0A00B1855B /* CMakeLists.txt */,
				A6FEE4BC1CD48B0A00B1855B /* Core */,
				A6FEE5321CD48B0A00B1855B /* Eigen2Support */,
				A6FEE5501CD48B0A00B1855B /* Eigenvalues */,
				A6FEE5601CD48B0A00B1855B /* Geometry */,
				A6FEE5731CD48B0A00B1855B /* Householder */,
				A6FEE5781CD48B0A00B1855B /* IterativeLinearSolvers */,
				A6FEE57F1CD48B0A00B1855B /* Jacobi */,
				A6FEE5821CD48B0A00B1855B /* LU */,
				A6FEE58C1CD48B0A00B1855B /* MetisSupport */,
				A6FEE58F1CD48B0A00B1855B /* misc */,
				A6FEE5961CD48B0A00B1855B /* OrderingMethods */,
				A6FEE59B1CD48B0A00B1855B /* PardisoSupport */,
				A6FEE59E1CD48B0A00B1855B /* PaStiXSupport */,
				A6FEE5A11CD48B0A00B1855B /* plugins */,
				A6FEE5AA1CD48B0A00B1855B /* QR */,
				A6FEE5B11CD48B0A00B1855B /* SparseCholesky */,
				A6FEE5B51CD48B0A00B1855B /* SparseCore */,
				A6FEE5D01CD48B0A00B1855B /* SparseLU */,
				A6FEE5E31CD48B0A00B1855B /* SparseQR */,
				A6FEE5E61CD48B0A00B1855B /* SPQRSupport */,
				A6FEE5E91CD48B0A00B1855B /* StlSupport */,
				A6FEE5EF1CD48B0A00B1855B /* SuperLUSupport */,
				A6FEE5F21CD48B0A00B1855B /* SVD */,
				A6FEE5F71CD48B0A00B1855B /* UmfPackSupport */,
			);
			path = src;
			sourceTree = "<group>";
		};
		A6FEE4B31CD48B0A00B1855B /* Cholesky */ = {
			isa = PBXGroup;
			children = (
				A6FEE4B41CD48B0A00B1855B /* CMakeLists.txt */,
				A6FEE4B51CD48B0A00B1855B /* LDLT.h */,
				A6FEE4B61CD48B0A00B1855B /* LLT.h */,
				A6FEE4B71CD48B0A00B1855B /* LLT_MKL.h */,
			);
			path = Cholesky;
			sourceTree = "<group>";
		};
		A6FEE4B81CD48B0A00B1855B /* CholmodSupport */ = {
			isa = PBXGroup;
			children = (
				A6FEE4B91CD48B0A00B1855B /* CholmodSupport.h */,
				A6FEE4BA1CD48B0A00B1855B /* CMakeLists.txt */,
			);
			path = CholmodSupport;
			sourceTree = "<group>";
		};
		A6FEE4BC1CD48B0A00B1855B /* Core */ = {
			isa = PBXGroup;
			children = (
				A6FEE4BD1CD48B0A00B1855B /* arch */,
				A6FEE4CF1CD48B0A00B1855B /* Array.h */,
				A6FEE4D01CD48B0A00B1855B /* ArrayBase.h */,
				A6FEE4D11CD48B0A00B1855B /* ArrayWrapper.h */,
				A6FEE4D21CD48B0A00B1855B /* Assign.h */,
				A6FEE4D31CD48B0A00B1855B /* Assign_MKL.h */,
				A6FEE4D41CD48B0A00B1855B /* BandMatrix.h */,
				A6FEE4D51CD48B0A00B1855B /* Block.h */,
				A6FEE4D61CD48B0A00B1855B /* BooleanRedux.h */,
				A6FEE4D71CD48B0A00B1855B /* CMakeLists.txt */,
				A6FEE4D81CD48B0A00B1855B /* CommaInitializer.h */,
				A6FEE4D91CD48B0A00B1855B /* CoreIterators.h */,
				A6FEE4DA1CD48B0A00B1855B /* CwiseBinaryOp.h */,
				A6FEE4DB1CD48B0A00B1855B /* CwiseNullaryOp.h */,
				A6FEE4DC1CD48B0A00B1855B /* CwiseUnaryOp.h */,
				A6FEE4DD1CD48B0A00B1855B /* CwiseUnaryView.h */,
				A6FEE4DE1CD48B0A00B1855B /* DenseBase.h */,
				A6FEE4DF1CD48B0A00B1855B /* DenseCoeffsBase.h */,
				A6FEE4E01CD48B0A00B1855B /* DenseStorage.h */,
				A6FEE4E11CD48B0A00B1855B /* Diagonal.h */,
				A6FEE4E21CD48B0A00B1855B /* DiagonalMatrix.h */,
				A6FEE4E31CD48B0A00B1855B /* DiagonalProduct.h */,
				A6FEE4E41CD48B0A00B1855B /* Dot.h */,
				A6FEE4E51CD48B0A00B1855B /* EigenBase.h */,
				A6FEE4E61CD48B0A00B1855B /* Flagged.h */,
				A6FEE4E71CD48B0A00B1855B /* ForceAlignedAccess.h */,
				A6FEE4E81CD48B0A00B1855B /* Functors.h */,
				A6FEE4E91CD48B0A00B1855B /* Fuzzy.h */,
				A6FEE4EA1CD48B0A00B1855B /* GeneralProduct.h */,
				A6FEE4EB1CD48B0A00B1855B /* GenericPacketMath.h */,
				A6FEE4EC1CD48B0A00B1855B /* GlobalFunctions.h */,
				A6FEE4ED1CD48B0A00B1855B /* IO.h */,
				A6FEE4EE1CD48B0A00B1855B /* Map.h */,
				A6FEE4EF1CD48B0A00B1855B /* MapBase.h */,
				A6FEE4F01CD48B0A00B1855B /* MathFunctions.h */,
				A6FEE4F11CD48B0A00B1855B /* Matrix.h */,
				A6FEE4F21CD48B0A00B1855B /* MatrixBase.h */,
				A6FEE4F31CD48B0A00B1855B /* NestByValue.h */,
				A6FEE4F41CD48B0A00B1855B /* NoAlias.h */,
				A6FEE4F51CD48B0A00B1855B /* NumTraits.h */,
				A6FEE4F61CD48B0A00B1855B /* PermutationMatrix.h */,
				A6FEE4F71CD48B0A00B1855B /* PlainObjectBase.h */,
				A6FEE4F81CD48B0A00B1855B /* ProductBase.h */,
				A6FEE4F91CD48B0A00B1855B /* products */,
				A6FEE5111CD48B0A00B1855B /* Random.h */,
				A6FEE5121CD48B0A00B1855B /* Redux.h */,
				A6FEE5131CD48B0A00B1855B /* Ref.h */,
				A6FEE5141CD48B0A00B1855B /* Replicate.h */,
				A6FEE5151CD48B0A00B1855B /* ReturnByValue.h */,
				A6FEE5161CD48B0A00B1855B /* Reverse.h */,
				A6FEE5171CD48B0A00B1855B /* Select.h */,
				A6FEE5181CD48B0A00B1855B /* SelfAdjointView.h */,
				A6FEE5191CD48B0A00B1855B /* SelfCwiseBinaryOp.h */,
				A6FEE51A1CD48B0A00B1855B /* SolveTriangular.h */,
				A6FEE51B1CD48B0A00B1855B /* StableNorm.h */,
				A6FEE51C1CD48B0A00B1855B /* Stride.h */,
				A6FEE51D1CD48B0A00B1855B /* Swap.h */,
				A6FEE51E1CD48B0A00B1855B /* Transpose.h */,
				A6FEE51F1CD48B0A00B1855B /* Transpositions.h */,
				A6FEE5201CD48B0A00B1855B /* TriangularMatrix.h */,
				A6FEE5211CD48B0A00B1855B /* util */,
				A6FEE52F1CD48B0A00B1855B /* VectorBlock.h */,
				A6FEE5301CD48B0A00B1855B /* VectorwiseOp.h */,
				A6FEE5311CD48B0A00B1855B /* Visitor.h */,
			);
			path = Core;
			sourceTree = "<group>";
		};
		A6FEE4BD1CD48B0A00B1855B /* arch */ = {
			isa = PBXGroup;
			children = (
				A6FEE4BE1CD48B0A00B1855B /* AltiVec */,
				A6FEE4C21CD48B0A00B1855B /* CMakeLists.txt */,
				A6FEE4C31CD48B0A00B1855B /* Default */,
				A6FEE4C61CD48B0A00B1855B /* NEON */,
				A6FEE4CA1CD48B0A00B1855B /* SSE */,
			);
			path = arch;
			sourceTree = "<group>";
		};
		A6FEE4BE1CD48B0A00B1855B /* AltiVec */ = {
			isa = PBXGroup;
			children = (
				A6FEE4BF1CD48B0A00B1855B /* CMakeLists.txt */,
				A6FEE4C01CD48B0A00B1855B /* Complex.h */,
				A6FEE4C11CD48B0A00B1855B /* PacketMath.h */,
			);
			path = AltiVec;
			sourceTree = "<group>";
		};
		A6FEE4C31CD48B0A00B1855B /* Default */ = {
			isa = PBXGroup;
			children = (
				A6FEE4C41CD48B0A00B1855B /* CMakeLists.txt */,
				A6FEE4C51CD48B0A00B1855B /* Settings.h */,
			);
			path = Default;
			sourceTree = "<group>";
		};
		A6FEE4C61CD48B0A00B1855B /* NEON */ = {
			isa = PBXGroup;
			children = (
				A6FEE4C71CD48B0A00B1855B /* CMakeLists.txt */,
				A6FEE4C81CD48B0A00B1855B /* Complex.h */,
				A6FEE4C91CD48B0A00B1855B /* PacketMath.h */,
			);
			path = NEON;
			sourceTree = "<group>";
		};
		A6FEE4CA1CD48B0A00B1855B /* SSE */ = {
			isa = PBXGroup;
			children = (
				A6FEE4CB1CD48B0A00B1855B /* CMakeLists.txt */,
				A6FEE4CC1CD48B0A00B1855B /* Complex.h */,
				A6FEE4CD1CD48B0A00B1855B /* MathFunctions.h */,
				A6FEE4CE1CD48B0A00B1855B /* PacketMath.h */,
			);
			path = SSE;
			sourceTree = "<group>";
		};
		A6FEE4F91CD48B0A00B1855B /* products */ = {
			isa = PBXGroup;
			children = (
				A6FEE4FA1CD48B0A00B1855B /* CMakeLists.txt */,
				A6FEE4FB1CD48B0A00B1855B /* CoeffBasedProduct.h */,
				A6FEE4FC1CD48B0A00B1855B /* GeneralBlockPanelKernel.h */,
				A6FEE4FD1CD48B0A00B1855B /* GeneralMatrixMatrix.h */,
				A6FEE4FE1CD48B0A00B1855B /* GeneralMatrixMatrix_MKL.h */,
				A6FEE4FF1CD48B0A00B1855B /* GeneralMatrixMatrixTriangular.h */,
				A6FEE5001CD48B0A00B1855B /* GeneralMatrixMatrixTriangular_MKL.h */,
				A6FEE5011CD48B0A00B1855B /* GeneralMatrixVector.h */,
				A6FEE5021CD48B0A00B1855B /* GeneralMatrixVector_MKL.h */,
				A6FEE5031CD48B0A00B1855B /* Parallelizer.h */,
				A6FEE5041CD48B0A00B1855B /* SelfadjointMatrixMatrix.h */,
				A6FEE5051CD48B0A00B1855B /* SelfadjointMatrixMatrix_MKL.h */,
				A6FEE5061CD48B0A00B1855B /* SelfadjointMatrixVector.h */,
				A6FEE5071CD48B0A00B1855B /* SelfadjointMatrixVector_MKL.h */,
				A6FEE5081CD48B0A00B1855B /* SelfadjointProduct.h */,
				A6FEE5091CD48B0A00B1855B /* SelfadjointRank2Update.h */,
				A6FEE50A1CD48B0A00B1855B /* TriangularMatrixMatrix.h */,
				A6FEE50B1CD48B0A00B1855B /* TriangularMatrixMatrix_MKL.h */,
				A6FEE50C1CD48B0A00B1855B /* TriangularMatrixVector.h */,
				A6FEE50D1CD48B0A00B1855B /* TriangularMatrixVector_MKL.h */,
				A6FEE50E1CD48B0A00B1855B /* TriangularSolverMatrix.h */,
				A6FEE50F1CD48B0A00B1855B /* TriangularSolverMatrix_MKL.h */,
				A6FEE5101CD48B0A00B1855B /* TriangularSolverVector.h */,
			);
			path = products;
			sourceTree = "<group>";
		};
		A6FEE5211CD48B0A00B1855B /* util */ = {
			isa = PBXGroup;
			children = (
				A6FEE5221CD48B0A00B1855B /* BlasUtil.h */,
				A6FEE5231CD48B0A00B1855B /* CMakeLists.txt */,
				A6FEE5241CD48B0A00B1855B /* Constants.h */,
				A6FEE5251CD48B0A00B1855B /* DisableStupidWarnings.h */,
				A6FEE5261CD48B0A00B1855B /* ForwardDeclarations.h */,
				A6FEE5271CD48B0A00B1855B /* Macros.h */,
				A6FEE5281CD48B0A00B1855B /* Memory.h */,
				A6FEE5291CD48B0A00B1855B /* Meta.h */,
				A6FEE52A1CD48B0A00B1855B /* MKL_support.h */,
				A6FEE52B1CD48B0A00B1855B /* NonMPL2.h */,
				A6FEE52C1CD48B0A00B1855B /* ReenableStupidWarnings.h */,
				A6FEE52D1CD48B0A00B1855B /* StaticAssert.h */,
				A6FEE52E1CD48B0A00B1855B /* XprHelper.h */,
			);
			path = util;
			sourceTree = "<group>";
		};
		A6FEE5321CD48B0A00B1855B /* Eigen2Support */ = {
			isa = PBXGroup;
			children = (
				A6FEE5331CD48B0A00B1855B /* Block.h */,
				A6FEE5341CD48B0A00B1855B /* CMakeLists.txt */,
				A6FEE5351CD48B0A00B1855B /* Cwise.h */,
				A6FEE5361CD48B0A00B1855B /* CwiseOperators.h */,
				A6FEE5371CD48B0A00B1855B /* Geometry */,
				A6FEE5441CD48B0A00B1855B /* Lazy.h */,
				A6FEE5451CD48B0A00B1855B /* LeastSquares.h */,
				A6FEE5461CD48B0A00B1855B /* LU.h */,
				A6FEE5471CD48B0A00B1855B /* Macros.h */,
				A6FEE5481CD48B0A00B1855B /* MathFunctions.h */,
				A6FEE5491CD48B0A00B1855B /* Memory.h */,
				A6FEE54A1CD48B0A00B1855B /* Meta.h */,
				A6FEE54B1CD48B0A00B1855B /* Minor.h */,
				A6FEE54C1CD48B0A00B1855B /* QR.h */,
				A6FEE54D1CD48B0A00B1855B /* SVD.h */,
				A6FEE54E1CD48B0A00B1855B /* TriangularSolver.h */,
				A6FEE54F1CD48B0A00B1855B /* VectorBlock.h */,
			);
			path = Eigen2Support;
			sourceTree = "<group>";
		};
		A6FEE5371CD48B0A00B1855B /* Geometry */ = {
			isa = PBXGroup;
			children = (
				A6FEE5381CD48B0A00B1855B /* AlignedBox.h */,
				A6FEE5391CD48B0A00B1855B /* All.h */,
				A6FEE53A1CD48B0A00B1855B /* AngleAxis.h */,
				A6FEE53B1CD48B0A00B1855B /* CMakeLists.txt */,
				A6FEE53C1CD48B0A00B1855B /* Hyperplane.h */,
				A6FEE53D1CD48B0A00B1855B /* ParametrizedLine.h */,
				A6FEE53E1CD48B0A00B1855B /* Quaternion.h */,
				A6FEE53F1CD48B0A00B1855B /* Rotation2D.h */,
				A6FEE5401CD48B0A00B1855B /* RotationBase.h */,
				A6FEE5411CD48B0A00B1855B /* Scaling.h */,
				A6FEE5421CD48B0A00B1855B /* Transform.h */,
				A6FEE5431CD48B0A00B1855B /* Translation.h */,
			);
			path = Geometry;
			sourceTree = "<group>";
		};
		A6FEE5501CD48B0A00B1855B /* Eigenvalues */ = {
			isa = PBXGroup;
			children = (
				A6FEE5511CD48B0A00B1855B /* CMakeLists.txt */,
				A6FEE5521CD48B0A00B1855B /* ComplexEigenSolver.h */,
				A6FEE5531CD48B0A00B1855B /* ComplexSchur.h */,
				A6FEE5541CD48B0A00B1855B /* ComplexSchur_MKL.h */,
				A6FEE5551CD48B0A00B1855B /* EigenSolver.h */,
				A6FEE5561CD48B0A00B1855B /* GeneralizedEigenSolver.h */,
				A6FEE5571CD48B0A00B1855B /* GeneralizedSelfAdjointEigenSolver.h */,
				A6FEE5581CD48B0A00B1855B /* HessenbergDecomposition.h */,
				A6FEE5591CD48B0A00B1855B /* MatrixBaseEigenvalues.h */,
				A6FEE55A1CD48B0A00B1855B /* RealQZ.h */,
				A6FEE55B1CD48B0A00B1855B /* RealSchur.h */,
				A6FEE55C1CD48B0A00B1855B /* RealSchur_MKL.h */,
				A6FEE55D1CD48B0A00B1855B /* SelfAdjointEigenSolver.h */,
				A6FEE55E1CD48B0A00B1855B /* SelfAdjointEigenSolver_MKL.h */,
				A6FEE55F1CD48B0A00B1855B /* Tridiagonalization.h */,
			);
			path = Eigenvalues;
			sourceTree = "<group>";
		};
		A6FEE5601CD48B0A00B1855B /* Geometry */ = {
			isa = PBXGroup;
			children = (
				A6FEE5611CD48B0A00B1855B /* AlignedBox.h */,
				A6FEE5621CD48B0A00B1855B /* AngleAxis.h */,
				A6FEE5631CD48B0A00B1855B /* arch */,
				A6FEE5661CD48B0A00B1855B /* CMakeLists.txt */,
				A6FEE5671CD48B0A00B1855B /* EulerAngles.h */,
				A6FEE5681CD48B0A00B1855B /* Homogeneous.h */,
				A6FEE5691CD48B0A00B1855B /* Hyperplane.h */,
				A6FEE56A1CD48B0A00B1855B /* OrthoMethods.h */,
				A6FEE56B1CD48B0A00B1855B /* ParametrizedLine.h */,
				A6FEE56C1CD48B0A00B1855B /* Quaternion.h */,
				A6FEE56D1CD48B0A00B1855B /* Rotation2D.h */,
				A6FEE56E1CD48B0A00B1855B /* RotationBase.h */,
				A6FEE56F1CD48B0A00B1855B /* Scaling.h */,
				A6FEE5701CD48B0A00B1855B /* Transform.h */,
				A6FEE5711CD48B0A00B1855B /* Translation.h */,
				A6FEE5721CD48B0A00B1855B /* Umeyama.h */,
			);
			path = Geometry;
			sourceTree = "<group>";
		};
		A6FEE5631CD48B0A00B1855B /* arch */ = {
			isa = PBXGroup;
			children = (
				A6FEE5641CD48B0A00B1855B /* CMakeLists.txt */,
				A6FEE5651CD48B0A00B1855B /* Geometry_SSE.h */,
			);
			path = arch;
			sourceTree = "<group>";
		};
		A6FEE5731CD48B0A00B1855B /* Householder */ = {
			isa = PBXGroup;
			children = (
				A6FEE5741CD48B0A00B1855B /* BlockHouseholder.h */,
				A6FEE5751CD48B0A00B1855B /* CMakeLists.txt */,
				A6FEE5761CD48B0A00B1855B /* Householder.h */,
				A6FEE5771CD48B0A00B1855B /* HouseholderSequence.h */,
			);
			path = Householder;
			sourceTree = "<group>";
		};
		A6FEE5781CD48B0A00B1855B /* IterativeLinearSolvers */ = {
			isa = PBXGroup;
			children = (
				A6FEE5791CD48B0A00B1855B /* BasicPreconditioners.h */,
				A6FEE57A1CD48B0A00B1855B /* BiCGSTAB.h */,
				A6FEE57B1CD48B0A00B1855B /* CMakeLists.txt */,
				A6FEE57C1CD48B0A00B1855B /* ConjugateGradient.h */,
				A6FEE57D1CD48B0A00B1855B /* IncompleteLUT.h */,
				A6FEE57E1CD48B0A00B1855B /* IterativeSolverBase.h */,
			);
			path = IterativeLinearSolvers;
			sourceTree = "<group>";
		};
		A6FEE57F1CD48B0A00B1855B /* Jacobi */ = {
			isa = PBXGroup;
			children = (
				A6FEE5801CD48B0A00B1855B /* CMakeLists.txt */,
				A6FEE5811CD48B0A00B1855B /* Jacobi.h */,
			);
			path = Jacobi;
			sourceTree = "<group>";
		};
		A6FEE5821CD48B0A00B1855B /* LU */ = {
			isa = PBXGroup;
			children = (
				A6FEE5831CD48B0A00B1855B /* arch */,
				A6FEE5861CD48B0A00B1855B /* CMakeLists.txt */,
				A6FEE5871CD48B0A00B1855B /* Determinant.h */,
				A6FEE5881CD48B0A00B1855B /* FullPivLU.h */,
				A6FEE5891CD48B0A00B1855B /* Inverse.h */,
				A6FEE58A1CD48B0A00B1855B /* PartialPivLU.h */,
				A6FEE58B1CD48B0A00B1855B /* PartialPivLU_MKL.h */,
			);
			path = LU;
			sourceTree = "<group>";
		};
		A6FEE5831CD48B0A00B1855B /* arch */ = {
			isa = PBXGroup;
			children = (
				A6FEE5841CD48B0A00B1855B /* CMakeLists.txt */,
				A6FEE5851CD48B0A00B1855B /* Inverse_SSE.h */,
			);
			path = arch;
			sourceTree = "<group>";
		};
		A6FEE58C1CD48B0A00B1855B /* MetisSupport */ = {
			isa = PBXGroup;
			children = (
				A6FEE58D1CD48B0A00B1855B /* CMakeLists.txt */,
				A6FEE58E1CD48B0A00B1855B /* MetisSupport.h */,
			);
			path = MetisSupport;
			sourceTree = "<group>";
		};
		A6FEE58F1CD48B0A00B1855B /* misc */ = {
			isa = PBXGroup;
			children = (
				A6FEE5901CD48B0A00B1855B /* blas.h */,
				A6FEE5911CD48B0A00B1855B /* CMakeLists.txt */,
				A6FEE5921CD48B0A00B1855B /* Image.h */,
				A6FEE5931CD48B0A00B1855B /* Kernel.h */,
				A6FEE5941CD48B0A00B1855B /* Solve.h */,
				A6FEE5951CD48B0A00B1855B /* SparseSolve.h */,
			);
			path = misc;
			sourceTree = "<group>";
		};
		A6FEE5961CD48B0A00B1855B /* OrderingMethods */ = {
			isa = PBXGroup;
			children = (
				A6FEE5971CD48B0A00B1855B /* Amd.h */,
				A6FEE5981CD48B0A00B1855B /* CMakeLists.txt */,
				A6FEE5991CD48B0A00B1855B /* Eigen_Colamd.h */,
				A6FEE59A1CD48B0A00B1855B /* Ordering.h */,
			);
			path = OrderingMethods;
			sourceTree = "<group>";
		};
		A6FEE59B1CD48B0A00B1855B /* PardisoSupport */ = {
			isa = PBXGroup;
			children = (
				A6FEE59C1CD48B0A00B1855B /* CMakeLists.txt */,
				A6FEE59D1CD48B0A00B1855B /* PardisoSupport.h */,
			);
			path = PardisoSupport;
			sourceTree = "<group>";
		};
		A6FEE59E1CD48B0A00B1855B /* PaStiXSupport */ = {
			isa = PBXGroup;
			children = (
				A6FEE59F1CD48B0A00B1855B /* CMakeLists.txt */,
				A6FEE5A01CD48B0A00B1855B /* PaStiXSupport.h */,
			);
			path = PaStiXSupport;
			sourceTree = "<group>";
		};
		A6FEE5A11CD48B0A00B1855B /* plugins */ = {
			isa = PBXGroup;
			children = (
				A6FEE5A21CD48B0A00B1855B /* ArrayCwiseBinaryOps.h */,
				A6FEE5A31CD48B0A00B1855B /* ArrayCwiseUnaryOps.h */,
				A6FEE5A41CD48B0A00B1855B /* BlockMethods.h */,
				A6FEE5A51CD48B0A00B1855B /* CMakeLists.txt */,
				A6FEE5A61CD48B0A00B1855B /* CommonCwiseBinaryOps.h */,
				A6FEE5A71CD48B0A00B1855B /* CommonCwiseUnaryOps.h */,
				A6FEE5A81CD48B0A00B1855B /* MatrixCwiseBinaryOps.h */,
				A6FEE5A91CD48B0A00B1855B /* MatrixCwiseUnaryOps.h */,
			);
			path = plugins;
			sourceTree = "<group>";
		};
		A6FEE5AA1CD48B0A00B1855B /* QR */ = {
			isa = PBXGroup;
			children = (
				A6FEE5AB1CD48B0A00B1855B /* CMakeLists.txt */,
				A6FEE5AC1CD48B0A00B1855B /* ColPivHouseholderQR.h */,
				A6FEE5AD1CD48B0A00B1855B /* ColPivHouseholderQR_MKL.h */,
				A6FEE5AE1CD48B0A00B1855B /* FullPivHouseholderQR.h */,
				A6FEE5AF1CD48B0A00B1855B /* HouseholderQR.h */,
				A6FEE5B01CD48B0A00B1855B /* HouseholderQR_MKL.h */,
			);
			path = QR;
			sourceTree = "<group>";
		};
		A6FEE5B11CD48B0A00B1855B /* SparseCholesky */ = {
			isa = PBXGroup;
			children = (
				A6FEE5B21CD48B0A00B1855B /* CMakeLists.txt */,
				A6FEE5B31CD48B0A00B1855B /* SimplicialCholesky.h */,
				A6FEE5B41CD48B0A00B1855B /* SimplicialCholesky_impl.h */,
			);
			path = SparseCholesky;
			sourceTree = "<group>";
		};
		A6FEE5B51CD48B0A00B1855B /* SparseCore */ = {
			isa = PBXGroup;
			children = (
				A6FEE5B61CD48B0A00B1855B /* AmbiVector.h */,
				A6FEE5B71CD48B0A00B1855B /* CMakeLists.txt */,
				A6FEE5B81CD48B0A00B1855B /* CompressedStorage.h */,
				A6FEE5B91CD48B0A00B1855B /* ConservativeSparseSparseProduct.h */,
				A6FEE5BA1CD48B0A00B1855B /* MappedSparseMatrix.h */,
				A6FEE5BB1CD48B0A00B1855B /* SparseBlock.h */,
				A6FEE5BC1CD48B0A00B1855B /* SparseColEtree.h */,
				A6FEE5BD1CD48B0A00B1855B /* SparseCwiseBinaryOp.h */,
				A6FEE5BE1CD48B0A00B1855B /* SparseCwiseUnaryOp.h */,
				A6FEE5BF1CD48B0A00B1855B /* SparseDenseProduct.h */,
				A6FEE5C01CD48B0A00B1855B /* SparseDiagonalProduct.h */,
				A6FEE5C11CD48B0A00B1855B /* SparseDot.h */,
				A6FEE5C21CD48B0A00B1855B /* SparseFuzzy.h */,
				A6FEE5C31CD48B0A00B1855B /* SparseMatrix.h */,
				A6FEE5C41CD48B0A00B1855B /* SparseMatrixBase.h */,
				A6FEE5C51CD48B0A00B1855B /* SparsePermutation.h */,
				A6FEE5C61CD48B0A00B1855B /* SparseProduct.h */,
				A6FEE5C71CD48B0A00B1855B /* SparseRedux.h */,
				A6FEE5C81CD48B0A00B1855B /* SparseSelfAdjointView.h */,
				A6FEE5C91CD48B0A00B1855B /* SparseSparseProductWithPruning.h */,
				A6FEE5CA1CD48B0A00B1855B /* SparseTranspose.h */,
				A6FEE5CB1CD48B0A00B1855B /* SparseTriangularView.h */,
				A6FEE5CC1CD48B0A00B1855B /* SparseUtil.h */,
				A6FEE5CD1CD48B0A00B1855B /* SparseVector.h */,
				A6FEE5CE1CD48B0A00B1855B /* SparseView.h */,
				A6FEE5CF1CD48B0A00B1855B /* TriangularSolver.h */,
			);
			path = SparseCore;
			sourceTree = "<group>";
		};
		A6FEE5D01CD48B0A00B1855B /* SparseLU */ = {
			isa = PBXGroup;
			children = (
				A6FEE5D11CD48B0A00B1855B /* CMakeLists.txt */,
				A6FEE5D21CD48B0A00B1855B /* SparseLU.h */,
				A6FEE5D31CD48B0A00B1855B /* SparseLU_column_bmod.h */,
				A6FEE5D41CD48B0A00B1855B /* SparseLU_column_dfs.h */,
				A6FEE5D51CD48B0A00B1855B /* SparseLU_copy_to_ucol.h */,
				A6FEE5D61CD48B0A00B1855B /* SparseLU_gemm_kernel.h */,
				A6FEE5D71CD48B0A00B1855B /* SparseLU_heap_relax_snode.h */,
				A6FEE5D81CD48B0A00B1855B /* SparseLU_kernel_bmod.h */,
				A6FEE5D91CD48B0A00B1855B /* SparseLU_Memory.h */,
				A6FEE5DA1CD48B0A00B1855B /* SparseLU_panel_bmod.h */,
				A6FEE5DB1CD48B0A00B1855B /* SparseLU_panel_dfs.h */,
				A6FEE5DC1CD48B0A00B1855B /* SparseLU_pivotL.h */,
				A6FEE5DD1CD48B0A00B1855B /* SparseLU_pruneL.h */,
				A6FEE5DE1CD48B0A00B1855B /* SparseLU_relax_snode.h */,
				A6FEE5DF1CD48B0A00B1855B /* SparseLU_Structs.h */,
				A6FEE5E01CD48B0A00B1855B /* SparseLU_SupernodalMatrix.h */,
				A6FEE5E11CD48B0A00B1855B /* SparseLU_Utils.h */,
				A6FEE5E21CD48B0A00B1855B /* SparseLUImpl.h */,
			);
			path = SparseLU;
			sourceTree = "<group>";
		};
		A6FEE5E31CD48B0A00B1855B /* SparseQR */ = {
			isa = PBXGroup;
			children = (
				A6FEE5E41CD48B0A00B1855B /* CMakeLists.txt */,
				A6FEE5E51CD48B0A00B1855B /* SparseQR.h */,
			);
			path = SparseQR;
			sourceTree = "<group>";
		};
		A6FEE5E61CD48B0A00B1855B /* SPQRSupport */ = {
			isa = PBXGroup;
			children = (
				A6FEE5E71CD48B0A00B1855B /* CMakeLists.txt */,
				A6FEE5E81CD48B0A00B1855B /* SuiteSparseQRSupport.h */,
			);
			path = SPQRSupport;
			sourceTree = "<group>";
		};
		A6FEE5E91CD48B0A00B1855B /* StlSupport */ = {
			isa = PBXGroup;
			children = (
				A6FEE5EA1CD48B0A00B1855B /* CMakeLists.txt */,
				A6FEE5EB1CD48B0A00B1855B /* details.h */,
				A6FEE5EC1CD48B0A00B1855B /* StdDeque.h */,
				A6FEE5ED1CD48B0A00B1855B /* StdList.h */,
				A6FEE5EE1CD48B0A00B1855B /* StdVector.h */,
			);
			path = StlSupport;
			sourceTree = "<group>";
		};
		A6FEE5EF1CD48B0A00B1855B /* SuperLUSupport */ = {
			isa = PBXGroup;
			children = (
				A6FEE5F01CD48B0A00B1855B /* CMakeLists.txt */,
				A6FEE5F11CD48B0A00B1855B /* SuperLUSupport.h */,
			);
			path = SuperLUSupport;
			sourceTree = "<group>";
		};
		A6FEE5F21CD48B0A00B1855B /* SVD */ = {
			isa = PBXGroup;
			children = (
				A6FEE5F31CD48B0A00B1855B /* CMakeLists.txt */,
				A6FEE5F41CD48B0A00B1855B /* JacobiSVD.h */,
				A6FEE5F51CD48B0A00B1855B /* JacobiSVD_MKL.h */,
				A6FEE5F61CD48B0A00B1855B /* UpperBidiagonalization.h */,
			);
			path = SVD;
			sourceTree = "<group>";
		};
		A6FEE5F71CD48B0A00B1855B /* UmfPackSupport */ = {
			isa = PBXGroup;
			children = (
				A6FEE5F81CD48B0A00B1855B /* CMakeLists.txt */,
				A6FEE5F91CD48B0A00B1855B /* UmfPackSupport.h */,
			);
			path = UmfPackSupport;
			sourceTree = "<group>";
		};
/* End PBXGroup section */

/* Begin PBXNativeTarget section */
		A6FEE48B1CD48AC700B1855B /* BestFit */ = {
			isa = PBXNativeTarget;
			buildConfigurationList = A6FEE4931CD48AC700B1855B /* Build configuration list for PBXNativeTarget "BestFit" */;
			buildPhases = (
				A6FEE4881CD48AC700B1855B /* Sources */,
				A6FEE4891CD48AC700B1855B /* Frameworks */,
				A6FEE48A1CD48AC700B1855B /* CopyFiles */,
			);
			buildRules = (
			);
			dependencies = (
			);
			name = BestFit;
			productName = BestFit;
			productReference = A6FEE48C1CD48AC700B1855B /* BestFit */;
			productType = "com.apple.product-type.tool";
		};
/* End PBXNativeTarget section */

/* Begin PBXProject section */
		A6FEE4841CD48AC700B1855B /* Project object */ = {
			isa = PBXProject;
			attributes = {
				LastUpgradeCheck = 0720;
				ORGANIZATIONNAME = luohaoxin;
				TargetAttributes = {
					A6FEE48B1CD48AC700B1855B = {
						CreatedOnToolsVersion = 7.2.1;
					};
				};
			};
			buildConfigurationList = A6FEE4871CD48AC700B1855B /* Build configuration list for PBXProject "BestFit" */;
			compatibilityVersion = "Xcode 3.2";
			developmentRegion = English;
			hasScannedForEncodings = 0;
			knownRegions = (
				en,
			);
			mainGroup = A6FEE4831CD48AC700B1855B;
			productRefGroup = A6FEE48D1CD48AC700B1855B /* Products */;
			projectDirPath = "";
			projectRoot = "";
			targets = (
				A6FEE48B1CD48AC700B1855B /* BestFit */,
			);
		};
/* End PBXProject section */

/* Begin PBXSourcesBuildPhase section */
		A6FEE4881CD48AC700B1855B /* Sources */ = {
			isa = PBXSourcesBuildPhase;
			buildActionMask = 2147483647;
			files = (
				A6FEE6051CD48B0A00B1855B /* ShapeFit.cpp in Sources */,
				A6FEE6041CD48B0A00B1855B /* BestFit.cpp in Sources */,
			);
			runOnlyForDeploymentPostprocessing = 0;
		};
/* End PBXSourcesBuildPhase section */

/* Begin XCBuildConfiguration section */
		A6FEE4911CD48AC700B1855B /* Debug */ = {
			isa = XCBuildConfiguration;
			buildSettings = {
				ALWAYS_SEARCH_USER_PATHS = NO;
				CLANG_CXX_LANGUAGE_STANDARD = "gnu++0x";
				CLANG_CXX_LIBRARY = "libc++";
				CLANG_ENABLE_MODULES = YES;
				CLANG_ENABLE_OBJC_ARC = YES;
				CLANG_WARN_BOOL_CONVERSION = YES;
				CLANG_WARN_CONSTANT_CONVERSION = YES;
				CLANG_WARN_DIRECT_OBJC_ISA_USAGE = YES_ERROR;
				CLANG_WARN_EMPTY_BODY = YES;
				CLANG_WARN_ENUM_CONVERSION = YES;
				CLANG_WARN_INT_CONVERSION = YES;
				CLANG_WARN_OBJC_ROOT_CLASS = YES_ERROR;
				CLANG_WARN_UNREACHABLE_CODE = YES;
				CLANG_WARN__DUPLICATE_METHOD_MATCH = YES;
				CODE_SIGN_IDENTITY = "-";
				COPY_PHASE_STRIP = NO;
				DEBUG_INFORMATION_FORMAT = dwarf;
				ENABLE_STRICT_OBJC_MSGSEND = YES;
				ENABLE_TESTABILITY = YES;
				GCC_C_LANGUAGE_STANDARD = gnu99;
				GCC_DYNAMIC_NO_PIC = NO;
				GCC_NO_COMMON_BLOCKS = YES;
				GCC_OPTIMIZATION_LEVEL = 0;
				GCC_PREPROCESSOR_DEFINITIONS = (
					"DEBUG=1",
					"$(inherited)",
				);
				GCC_WARN_64_TO_32_BIT_CONVERSION = YES;
				GCC_WARN_ABOUT_RETURN_TYPE = YES_ERROR;
				GCC_WARN_UNDECLARED_SELECTOR = YES;
				GCC_WARN_UNINITIALIZED_AUTOS = YES_AGGRESSIVE;
				GCC_WARN_UNUSED_FUNCTION = YES;
				GCC_WARN_UNUSED_VARIABLE = YES;
				MACOSX_DEPLOYMENT_TARGET = 10.10;
				MTL_ENABLE_DEBUG_INFO = YES;
				ONLY_ACTIVE_ARCH = YES;
				SDKROOT = macosx;
			};
			name = Debug;
		};
		A6FEE4921CD48AC700B1855B /* Release */ = {
			isa = XCBuildConfiguration;
			buildSettings = {
				ALWAYS_SEARCH_USER_PATHS = NO;
				CLANG_CXX_LANGUAGE_STANDARD = "gnu++0x";
				CLANG_CXX_LIBRARY = "libc++";
				CLANG_ENABLE_MODULES = YES;
				CLANG_ENABLE_OBJC_ARC = YES;
				CLANG_WARN_BOOL_CONVERSION = YES;
				CLANG_WARN_CONSTANT_CONVERSION = YES;
				CLANG_WARN_DIRECT_OBJC_ISA_USAGE = YES_ERROR;
				CLANG_WARN_EMPTY_BODY = YES;
				CLANG_WARN_ENUM_CONVERSION = YES;
				CLANG_WARN_INT_CONVERSION = YES;
				CLANG_WARN_OBJC_ROOT_CLASS = YES_ERROR;
				CLANG_WARN_UNREACHABLE_CODE = YES;
				CLANG_WARN__DUPLICATE_METHOD_MATCH = YES;
				CODE_SIGN_IDENTITY = "-";
				COPY_PHASE_STRIP = NO;
				DEBUG_INFORMATION_FORMAT = "dwarf-with-dsym";
				ENABLE_NS_ASSERTIONS = NO;
				ENABLE_STRICT_OBJC_MSGSEND = YES;
				GCC_C_LANGUAGE_STANDARD = gnu99;
				GCC_NO_COMMON_BLOCKS = YES;
				GCC_WARN_64_TO_32_BIT_CONVERSION = YES;
				GCC_WARN_ABOUT_RETURN_TYPE = YES_ERROR;
				GCC_WARN_UNDECLARED_SELECTOR = YES;
				GCC_WARN_UNINITIALIZED_AUTOS = YES_AGGRESSIVE;
				GCC_WARN_UNUSED_FUNCTION = YES;
				GCC_WARN_UNUSED_VARIABLE = YES;
				MACOSX_DEPLOYMENT_TARGET = 10.10;
				MTL_ENABLE_DEBUG_INFO = NO;
				SDKROOT = macosx;
			};
			name = Release;
		};
		A6FEE4941CD48AC700B1855B /* Debug */ = {
			isa = XCBuildConfiguration;
			buildSettings = {
				PRODUCT_NAME = "$(TARGET_NAME)";
			};
			name = Debug;
		};
		A6FEE4951CD48AC700B1855B /* Release */ = {
			isa = XCBuildConfiguration;
			buildSettings = {
				PRODUCT_NAME = "$(TARGET_NAME)";
			};
			name = Release;
		};
/* End XCBuildConfiguration section */

/* Begin XCConfigurationList section */
		A6FEE4871CD48AC700B1855B /* Build configuration list for PBXProject "BestFit" */ = {
			isa = XCConfigurationList;
			buildConfigurations = (
				A6FEE4911CD48AC700B1855B /* Debug */,
				A6FEE4921CD48AC700B1855B /* Release */,
			);
			defaultConfigurationIsVisible = 0;
			defaultConfigurationName = Release;
		};
		A6FEE4931CD48AC700B1855B /* Build configuration list for PBXNativeTarget "BestFit" */ = {
			isa = XCConfigurationList;
			buildConfigurations = (
				A6FEE4941CD48AC700B1855B /* Debug */,
				A6FEE4951CD48AC700B1855B /* Release */,
			);
			defaultConfigurationIsVisible = 0;
		};
/* End XCConfigurationList section */
	};
	rootObject = A6FEE4841CD48AC700B1855B /* Project object */;
}
